// !$*UTF8*$!
{
	archiveVersion = 1;
	classes = {
	};
	objectVersion = 46;
	objects = {

/* Begin PBXBuildFile section */
		4701CC7517897132000E72A7 /* UIKit.framework in Frameworks */ = {isa = PBXBuildFile; fileRef = 4701CC7417897132000E72A7 /* UIKit.framework */; };
		4701CC7717897132000E72A7 /* Foundation.framework in Frameworks */ = {isa = PBXBuildFile; fileRef = 4701CC7617897132000E72A7 /* Foundation.framework */; };
		4701CC7917897132000E72A7 /* CoreGraphics.framework in Frameworks */ = {isa = PBXBuildFile; fileRef = 4701CC7817897132000E72A7 /* CoreGraphics.framework */; };
		4701CC7F17897132000E72A7 /* InfoPlist.strings in Resources */ = {isa = PBXBuildFile; fileRef = 4701CC7D17897132000E72A7 /* InfoPlist.strings */; };
		4701CC8117897132000E72A7 /* main.m in Sources */ = {isa = PBXBuildFile; fileRef = 4701CC8017897132000E72A7 /* main.m */; };
		4701CC8517897132000E72A7 /* AppDelegate.m in Sources */ = {isa = PBXBuildFile; fileRef = 4701CC8417897132000E72A7 /* AppDelegate.m */; };
		4701CC8717897132000E72A7 /* Default.png in Resources */ = {isa = PBXBuildFile; fileRef = 4701CC8617897132000E72A7 /* Default.png */; };
		4701CC8917897132000E72A7 /* Default@2x.png in Resources */ = {isa = PBXBuildFile; fileRef = 4701CC8817897132000E72A7 /* Default@2x.png */; };
		4701CC8B17897132000E72A7 /* Default-568h@2x.png in Resources */ = {isa = PBXBuildFile; fileRef = 4701CC8A17897132000E72A7 /* Default-568h@2x.png */; };
		4701CC8E17897132000E72A7 /* MainStoryboard_iPhone.storyboard in Resources */ = {isa = PBXBuildFile; fileRef = 4701CC8C17897132000E72A7 /* MainStoryboard_iPhone.storyboard */; };
		4701CC9117897132000E72A7 /* MainStoryboard_iPad.storyboard in Resources */ = {isa = PBXBuildFile; fileRef = 4701CC8F17897132000E72A7 /* MainStoryboard_iPad.storyboard */; };
		4701CC9417897132000E72A7 /* RicicloViewController.m in Sources */ = {isa = PBXBuildFile; fileRef = 4701CC9317897132000E72A7 /* RicicloViewController.m */; };
		4701CCC1178971F0000E72A7 /* MyApplicationSingleton.m in Sources */ = {isa = PBXBuildFile; fileRef = 4701CCB8178971F0000E72A7 /* MyApplicationSingleton.m */; };
		4701CCC2178971F0000E72A7 /* Reachability.m in Sources */ = {isa = PBXBuildFile; fileRef = 4701CCBA178971F0000E72A7 /* Reachability.m */; };
		4701CCC4178971F0000E72A7 /* Connector.m in Sources */ = {isa = PBXBuildFile; fileRef = 4701CCBE178971F0000E72A7 /* Connector.m */; };
		4701CCC5178971F0000E72A7 /* Syncronizer.m in Sources */ = {isa = PBXBuildFile; fileRef = 4701CCC0178971F0000E72A7 /* Syncronizer.m */; };
		4701CCC817897218000E72A7 /* IoRiciclo.xcdatamodeld in Sources */ = {isa = PBXBuildFile; fileRef = 4701CCC617897218000E72A7 /* IoRiciclo.xcdatamodeld */; };
		4701CCD81789B541000E72A7 /* SystemConfiguration.framework in Frameworks */ = {isa = PBXBuildFile; fileRef = 4701CCD71789B541000E72A7 /* SystemConfiguration.framework */; };
		4711E190183B6A4B00EED72F /* Avvisi.m in Sources */ = {isa = PBXBuildFile; fileRef = 4711E18F183B6A4B00EED72F /* Avvisi.m */; };
		4711E193183B6E3B00EED72F /* AvvisiViewController.m in Sources */ = {isa = PBXBuildFile; fileRef = 4711E192183B6E3B00EED72F /* AvvisiViewController.m */; };
		4711E19B183CF4C800EED72F /* QuartzCore.framework in Frameworks */ = {isa = PBXBuildFile; fileRef = 4711E19A183CF4C800EED72F /* QuartzCore.framework */; };
		4772085C19011DBA00889B0F /* lampadinaazzurro.png in Resources */ = {isa = PBXBuildFile; fileRef = 4772085B19011DBA00889B0F /* lampadinaazzurro.png */; };
		4772085F1909250600889B0F /* Model9-10.xcmappingmodel in Sources */ = {isa = PBXBuildFile; fileRef = 4772085E1909250600889B0F /* Model9-10.xcmappingmodel */; };
		47D1CB2718BBF1CD004D84AC /* ComuneDettaglioViewController.m in Sources */ = {isa = PBXBuildFile; fileRef = 47D1CB2618BBF1CD004D84AC /* ComuneDettaglioViewController.m */; };
		47D1CB2F18BE0E1F004D84AC /* Utenti.m in Sources */ = {isa = PBXBuildFile; fileRef = 47D1CB2E18BE0E1F004D84AC /* Utenti.m */; };
		47D1CB3718C4E6CE004D84AC /* lampadinagray.png in Resources */ = {isa = PBXBuildFile; fileRef = 47D1CB3318C4E6CE004D84AC /* lampadinagray.png */; };
		47D1CB3818C4E6CE004D84AC /* lampadinagreen.png in Resources */ = {isa = PBXBuildFile; fileRef = 47D1CB3418C4E6CE004D84AC /* lampadinagreen.png */; };
		47D1CB3918C4E6CE004D84AC /* lampadinaorange.png in Resources */ = {isa = PBXBuildFile; fileRef = 47D1CB3518C4E6CE004D84AC /* lampadinaorange.png */; };
		47D1CB3A18C4E6CE004D84AC /* markercomune.png in Resources */ = {isa = PBXBuildFile; fileRef = 47D1CB3618C4E6CE004D84AC /* markercomune.png */; };
		47D1CB3E18C62800004D84AC /* Model.xcmappingmodel in Sources */ = {isa = PBXBuildFile; fileRef = 47D1CB3D18C62800004D84AC /* Model.xcmappingmodel */; };
		47D2752918336BFE00D72F15 /* ic_iconoff.png in Resources */ = {isa = PBXBuildFile; fileRef = 47D2752818336BFE00D72F15 /* ic_iconoff.png */; };
		47D2752B18336C0400D72F15 /* ic_iconon.png in Resources */ = {isa = PBXBuildFile; fileRef = 47D2752A18336C0400D72F15 /* ic_iconon.png */; };
		47D2752D18337D3000D72F15 /* backhome.jpg in Resources */ = {isa = PBXBuildFile; fileRef = 47D2752C18337D3000D72F15 /* backhome.jpg */; };
		47D2753018366D6500D72F15 /* CassonettiViewController.m in Sources */ = {isa = PBXBuildFile; fileRef = 47D2752F18366D6500D72F15 /* CassonettiViewController.m */; };
		47D2753218366E1B00D72F15 /* MapKit.framework in Frameworks */ = {isa = PBXBuildFile; fileRef = 47D2753118366E1B00D72F15 /* MapKit.framework */; };
		47D275351836780800D72F15 /* CentriRaccoltaViewController.m in Sources */ = {isa = PBXBuildFile; fileRef = 47D275341836780800D72F15 /* CentriRaccoltaViewController.m */; };
		47D2759318367BBD00D72F15 /* Cassonetto.m in Sources */ = {isa = PBXBuildFile; fileRef = 47D2759218367BBD00D72F15 /* Cassonetto.m */; };
		47D2759618367BBD00D72F15 /* CentriRaccolta.m in Sources */ = {isa = PBXBuildFile; fileRef = 47D2759518367BBD00D72F15 /* CentriRaccolta.m */; };
		47D28753183A0643006A15F6 /* CalendarioDetail.m in Sources */ = {isa = PBXBuildFile; fileRef = 47D28752183A0643006A15F6 /* CalendarioDetail.m */; };
		47D28755183A53D3006A15F6 /* ann_000.png in Resources */ = {isa = PBXBuildFile; fileRef = 47D28754183A53D3006A15F6 /* ann_000.png */; };
		47D28758183A6049006A15F6 /* CalendarioViewController.m in Sources */ = {isa = PBXBuildFile; fileRef = 47D28757183A6049006A15F6 /* CalendarioViewController.m */; };
		47E098BE19331939008F3A60 /* SocialLoginViewController.m in Sources */ = {isa = PBXBuildFile; fileRef = 47E098BD19331939008F3A60 /* SocialLoginViewController.m */; };
		47E098C1193341A0008F3A60 /* ComuniSearchViewController.m in Sources */ = {isa = PBXBuildFile; fileRef = 47E098C0193341A0008F3A60 /* ComuniSearchViewController.m */; };
		47E098C31934D427008F3A60 /* CoreLocation.framework in Frameworks */ = {isa = PBXBuildFile; fileRef = 47E098C21934D427008F3A60 /* CoreLocation.framework */; };
		47EAE409188EA79900FF9D1E /* iRate.bundle in Resources */ = {isa = PBXBuildFile; fileRef = 47EAE406188EA79900FF9D1E /* iRate.bundle */; };
		47EAE40A188EA79900FF9D1E /* iRate.m in Sources */ = {isa = PBXBuildFile; fileRef = 47EAE408188EA79900FF9D1E /* iRate.m */; };
		47EAE40C188EA81900FF9D1E /* StoreKit.framework in Frameworks */ = {isa = PBXBuildFile; fileRef = 47EAE40B188EA81900FF9D1E /* StoreKit.framework */; };
		47EECAD4182D199B005FD4E4 /* Province.m in Sources */ = {isa = PBXBuildFile; fileRef = 47EECAD3182D199B005FD4E4 /* Province.m */; };
		47EECAD7182D199C005FD4E4 /* TipiRicicloComuni.m in Sources */ = {isa = PBXBuildFile; fileRef = 47EECAD6182D199C005FD4E4 /* TipiRicicloComuni.m */; };
		47EECADA182D199C005FD4E4 /* Comuni.m in Sources */ = {isa = PBXBuildFile; fileRef = 47EECAD9182D199C005FD4E4 /* Comuni.m */; };
		47EECADD182D199C005FD4E4 /* TipiRiciclo.m in Sources */ = {isa = PBXBuildFile; fileRef = 47EECADC182D199C005FD4E4 /* TipiRiciclo.m */; };
		47EECAE0182D199C005FD4E4 /* GiorniRiciclo.m in Sources */ = {isa = PBXBuildFile; fileRef = 47EECADF182D199C005FD4E4 /* GiorniRiciclo.m */; };
		47EECAE3182D199C005FD4E4 /* Zone.m in Sources */ = {isa = PBXBuildFile; fileRef = 47EECAE2182D199C005FD4E4 /* Zone.m */; };
		47EECAE4182D19D1005FD4E4 /* CoreData.framework in Frameworks */ = {isa = PBXBuildFile; fileRef = 4701CCD51789B51C000E72A7 /* CoreData.framework */; };
		47EECAE91830E8C5005FD4E4 /* DateHelper.m in Sources */ = {isa = PBXBuildFile; fileRef = 47EECAE81830E8C5005FD4E4 /* DateHelper.m */; };
		47EECAF218312EAB005FD4E4 /* CoreDataMethods.m in Sources */ = {isa = PBXBuildFile; fileRef = 47EECAEF18312EAB005FD4E4 /* CoreDataMethods.m */; };
		47EECAF318312EAB005FD4E4 /* ManagedObjectBase.m in Sources */ = {isa = PBXBuildFile; fileRef = 47EECAF118312EAB005FD4E4 /* ManagedObjectBase.m */; };
		47F6222C17E8627300295CAE /* IoRiciclo57.png in Resources */ = {isa = PBXBuildFile; fileRef = 47F6222B17E8627300295CAE /* IoRiciclo57.png */; };
		47F6222E17E8627800295CAE /* IoRiciclo114.png in Resources */ = {isa = PBXBuildFile; fileRef = 47F6222D17E8627800295CAE /* IoRiciclo114.png */; };
		47F8CA5617ED63D8006DCB2A /* iAd.framework in Frameworks */ = {isa = PBXBuildFile; fileRef = 47F8CA5517ED63D8006DCB2A /* iAd.framework */; };
		EA097F2619646565002FA6C8 /* FacebookSDK.framework in Frameworks */ = {isa = PBXBuildFile; fileRef = EA097F2519646565002FA6C8 /* FacebookSDK.framework */; };
		EAA8069C18D7003D00C1A4DC /* UrlZoneViewController.m in Sources */ = {isa = PBXBuildFile; fileRef = EAA8069A18D7003D00C1A4DC /* UrlZoneViewController.m */; };
		EAB80EAD18D6FE210047993E /* IoRiciclo120.png in Resources */ = {isa = PBXBuildFile; fileRef = EAB80EA618D6FE210047993E /* IoRiciclo120.png */; };
		EAB80EAE18D6FE210047993E /* IoRiciclo100.png in Resources */ = {isa = PBXBuildFile; fileRef = EAB80EA718D6FE210047993E /* IoRiciclo100.png */; };
		EAB80EAF18D6FE210047993E /* IoRiciclo80.png in Resources */ = {isa = PBXBuildFile; fileRef = EAB80EA818D6FE210047993E /* IoRiciclo80.png */; };
		EAB80EB018D6FE210047993E /* IoRiciclo58.png in Resources */ = {isa = PBXBuildFile; fileRef = EAB80EA918D6FE210047993E /* IoRiciclo58.png */; };
		EAB80EB118D6FE210047993E /* IoRiciclo50.png in Resources */ = {isa = PBXBuildFile; fileRef = EAB80EAA18D6FE210047993E /* IoRiciclo50.png */; };
		EAB80EB218D6FE210047993E /* IoRiciclo40.png in Resources */ = {isa = PBXBuildFile; fileRef = EAB80EAB18D6FE210047993E /* IoRiciclo40.png */; };
		EAB80EB318D6FE210047993E /* IoRiciclo29.png in Resources */ = {isa = PBXBuildFile; fileRef = EAB80EAC18D6FE210047993E /* IoRiciclo29.png */; };
/* End PBXBuildFile section */

/* Begin PBXFileReference section */
		4701CC7117897132000E72A7 /* IoRiciclo.app */ = {isa = PBXFileReference; explicitFileType = wrapper.application; includeInIndex = 0; path = IoRiciclo.app; sourceTree = BUILT_PRODUCTS_DIR; };
		4701CC7417897132000E72A7 /* UIKit.framework */ = {isa = PBXFileReference; lastKnownFileType = wrapper.framework; name = UIKit.framework; path = System/Library/Frameworks/UIKit.framework; sourceTree = SDKROOT; };
		4701CC7617897132000E72A7 /* Foundation.framework */ = {isa = PBXFileReference; lastKnownFileType = wrapper.framework; name = Foundation.framework; path = System/Library/Frameworks/Foundation.framework; sourceTree = SDKROOT; };
		4701CC7817897132000E72A7 /* CoreGraphics.framework */ = {isa = PBXFileReference; lastKnownFileType = wrapper.framework; name = CoreGraphics.framework; path = System/Library/Frameworks/CoreGraphics.framework; sourceTree = SDKROOT; };
		4701CC7C17897132000E72A7 /* IoRiciclo-Info.plist */ = {isa = PBXFileReference; lastKnownFileType = text.plist.xml; path = "IoRiciclo-Info.plist"; sourceTree = "<group>"; };
		4701CC7E17897132000E72A7 /* en */ = {isa = PBXFileReference; lastKnownFileType = text.plist.strings; name = en; path = en.lproj/InfoPlist.strings; sourceTree = "<group>"; };
		4701CC8017897132000E72A7 /* main.m */ = {isa = PBXFileReference; lastKnownFileType = sourcecode.c.objc; path = main.m; sourceTree = "<group>"; };
		4701CC8217897132000E72A7 /* IoRiciclo-Prefix.pch */ = {isa = PBXFileReference; lastKnownFileType = sourcecode.c.h; path = "IoRiciclo-Prefix.pch"; sourceTree = "<group>"; };
		4701CC8417897132000E72A7 /* AppDelegate.m */ = {isa = PBXFileReference; lastKnownFileType = sourcecode.c.objc; path = AppDelegate.m; sourceTree = "<group>"; };
		4701CC8617897132000E72A7 /* Default.png */ = {isa = PBXFileReference; lastKnownFileType = image.png; path = Default.png; sourceTree = "<group>"; };
		4701CC8817897132000E72A7 /* Default@2x.png */ = {isa = PBXFileReference; lastKnownFileType = image.png; path = "Default@2x.png"; sourceTree = "<group>"; };
		4701CC8A17897132000E72A7 /* Default-568h@2x.png */ = {isa = PBXFileReference; lastKnownFileType = image.png; path = "Default-568h@2x.png"; sourceTree = "<group>"; };
		4701CC8D17897132000E72A7 /* en */ = {isa = PBXFileReference; lastKnownFileType = file.storyboard; name = en; path = en.lproj/MainStoryboard_iPhone.storyboard; sourceTree = "<group>"; };
		4701CC9017897132000E72A7 /* en */ = {isa = PBXFileReference; lastKnownFileType = file.storyboard; name = en; path = en.lproj/MainStoryboard_iPad.storyboard; sourceTree = "<group>"; };
		4701CC9217897132000E72A7 /* RicicloViewController.h */ = {isa = PBXFileReference; lastKnownFileType = sourcecode.c.h; path = RicicloViewController.h; sourceTree = "<group>"; };
		4701CC9317897132000E72A7 /* RicicloViewController.m */ = {isa = PBXFileReference; lastKnownFileType = sourcecode.c.objc; path = RicicloViewController.m; sourceTree = "<group>"; };
		4701CC9B17897132000E72A7 /* SenTestingKit.framework */ = {isa = PBXFileReference; lastKnownFileType = wrapper.framework; name = SenTestingKit.framework; path = Library/Frameworks/SenTestingKit.framework; sourceTree = DEVELOPER_DIR; };
		4701CCB7178971F0000E72A7 /* MyApplicationSingleton.h */ = {isa = PBXFileReference; fileEncoding = 4; lastKnownFileType = sourcecode.c.h; path = MyApplicationSingleton.h; sourceTree = "<group>"; };
		4701CCB8178971F0000E72A7 /* MyApplicationSingleton.m */ = {isa = PBXFileReference; fileEncoding = 4; lastKnownFileType = sourcecode.c.objc; path = MyApplicationSingleton.m; sourceTree = "<group>"; };
		4701CCB9178971F0000E72A7 /* Reachability.h */ = {isa = PBXFileReference; fileEncoding = 4; lastKnownFileType = sourcecode.c.h; path = Reachability.h; sourceTree = "<group>"; };
		4701CCBA178971F0000E72A7 /* Reachability.m */ = {isa = PBXFileReference; fileEncoding = 4; lastKnownFileType = sourcecode.c.objc; path = Reachability.m; sourceTree = "<group>"; };
		4701CCBD178971F0000E72A7 /* Connector.h */ = {isa = PBXFileReference; fileEncoding = 4; lastKnownFileType = sourcecode.c.h; path = Connector.h; sourceTree = "<group>"; };
		4701CCBE178971F0000E72A7 /* Connector.m */ = {isa = PBXFileReference; fileEncoding = 4; lastKnownFileType = sourcecode.c.objc; path = Connector.m; sourceTree = "<group>"; };
		4701CCBF178971F0000E72A7 /* Syncronizer.h */ = {isa = PBXFileReference; fileEncoding = 4; lastKnownFileType = sourcecode.c.h; path = Syncronizer.h; sourceTree = "<group>"; };
		4701CCC0178971F0000E72A7 /* Syncronizer.m */ = {isa = PBXFileReference; fileEncoding = 4; lastKnownFileType = sourcecode.c.objc; path = Syncronizer.m; sourceTree = "<group>"; };
		4701CCC717897218000E72A7 /* IoRiciclo.xcdatamodel */ = {isa = PBXFileReference; lastKnownFileType = wrapper.xcdatamodel; path = IoRiciclo.xcdatamodel; sourceTree = "<group>"; };
		4701CCD51789B51C000E72A7 /* CoreData.framework */ = {isa = PBXFileReference; lastKnownFileType = wrapper.framework; name = CoreData.framework; path = System/Library/Frameworks/CoreData.framework; sourceTree = SDKROOT; };
		4701CCD71789B541000E72A7 /* SystemConfiguration.framework */ = {isa = PBXFileReference; lastKnownFileType = wrapper.framework; name = SystemConfiguration.framework; path = System/Library/Frameworks/SystemConfiguration.framework; sourceTree = SDKROOT; };
		4711E18E183B6A4B00EED72F /* Avvisi.h */ = {isa = PBXFileReference; fileEncoding = 4; lastKnownFileType = sourcecode.c.h; path = Avvisi.h; sourceTree = "<group>"; };
		4711E18F183B6A4B00EED72F /* Avvisi.m */ = {isa = PBXFileReference; fileEncoding = 4; lastKnownFileType = sourcecode.c.objc; path = Avvisi.m; sourceTree = "<group>"; };
		4711E191183B6E3B00EED72F /* AvvisiViewController.h */ = {isa = PBXFileReference; fileEncoding = 4; lastKnownFileType = sourcecode.c.h; path = AvvisiViewController.h; sourceTree = "<group>"; };
		4711E192183B6E3B00EED72F /* AvvisiViewController.m */ = {isa = PBXFileReference; fileEncoding = 4; lastKnownFileType = sourcecode.c.objc; path = AvvisiViewController.m; sourceTree = "<group>"; };
		4711E19A183CF4C800EED72F /* QuartzCore.framework */ = {isa = PBXFileReference; lastKnownFileType = wrapper.framework; name = QuartzCore.framework; path = System/Library/Frameworks/QuartzCore.framework; sourceTree = SDKROOT; };
		4772085B19011DBA00889B0F /* lampadinaazzurro.png */ = {isa = PBXFileReference; lastKnownFileType = image.png; path = lampadinaazzurro.png; sourceTree = "<group>"; };
		4772085D190923BC00889B0F /* IoRiciclo 10.xcdatamodel */ = {isa = PBXFileReference; lastKnownFileType = wrapper.xcdatamodel; path = "IoRiciclo 10.xcdatamodel"; sourceTree = "<group>"; };
		4772085E1909250600889B0F /* Model9-10.xcmappingmodel */ = {isa = PBXFileReference; lastKnownFileType = wrapper.xcmappingmodel; path = "Model9-10.xcmappingmodel"; sourceTree = "<group>"; };
		47D1CB2518BBF1CD004D84AC /* ComuneDettaglioViewController.h */ = {isa = PBXFileReference; fileEncoding = 4; lastKnownFileType = sourcecode.c.h; path = ComuneDettaglioViewController.h; sourceTree = "<group>"; };
		47D1CB2618BBF1CD004D84AC /* ComuneDettaglioViewController.m */ = {isa = PBXFileReference; fileEncoding = 4; lastKnownFileType = sourcecode.c.objc; path = ComuneDettaglioViewController.m; sourceTree = "<group>"; };
		47D1CB2818BDE7C9004D84AC /* IoRiciclo 3.xcdatamodel */ = {isa = PBXFileReference; lastKnownFileType = wrapper.xcdatamodel; path = "IoRiciclo 3.xcdatamodel"; sourceTree = "<group>"; };
		47D1CB2C18BE0CCE004D84AC /* IoRiciclo 4.xcdatamodel */ = {isa = PBXFileReference; lastKnownFileType = wrapper.xcdatamodel; path = "IoRiciclo 4.xcdatamodel"; sourceTree = "<group>"; };
		47D1CB2D18BE0E1F004D84AC /* Utenti.h */ = {isa = PBXFileReference; fileEncoding = 4; lastKnownFileType = sourcecode.c.h; path = Utenti.h; sourceTree = "<group>"; };
		47D1CB2E18BE0E1F004D84AC /* Utenti.m */ = {isa = PBXFileReference; fileEncoding = 4; lastKnownFileType = sourcecode.c.objc; path = Utenti.m; sourceTree = "<group>"; };
		47D1CB3018C49576004D84AC /* IoRiciclo 6.xcdatamodel */ = {isa = PBXFileReference; lastKnownFileType = wrapper.xcdatamodel; path = "IoRiciclo 6.xcdatamodel"; sourceTree = "<group>"; };
		47D1CB3118C49859004D84AC /* IoRiciclo 6.xcdatamodel */ = {isa = PBXFileReference; lastKnownFileType = wrapper.xcdatamodel; path = "IoRiciclo 6.xcdatamodel"; sourceTree = "<group>"; };
		47D1CB3218C49A00004D84AC /* IoRiciclo 7.xcdatamodel */ = {isa = PBXFileReference; lastKnownFileType = wrapper.xcdatamodel; path = "IoRiciclo 7.xcdatamodel"; sourceTree = "<group>"; };
		47D1CB3318C4E6CE004D84AC /* lampadinagray.png */ = {isa = PBXFileReference; lastKnownFileType = image.png; path = lampadinagray.png; sourceTree = "<group>"; };
		47D1CB3418C4E6CE004D84AC /* lampadinagreen.png */ = {isa = PBXFileReference; lastKnownFileType = image.png; path = lampadinagreen.png; sourceTree = "<group>"; };
		47D1CB3518C4E6CE004D84AC /* lampadinaorange.png */ = {isa = PBXFileReference; lastKnownFileType = image.png; path = lampadinaorange.png; sourceTree = "<group>"; };
		47D1CB3618C4E6CE004D84AC /* markercomune.png */ = {isa = PBXFileReference; lastKnownFileType = image.png; path = markercomune.png; sourceTree = "<group>"; };
		47D1CB3B18C62417004D84AC /* IoRiciclo 8.xcdatamodel */ = {isa = PBXFileReference; lastKnownFileType = wrapper.xcdatamodel; path = "IoRiciclo 8.xcdatamodel"; sourceTree = "<group>"; };
		47D1CB3C18C6270B004D84AC /* IoRiciclo 9.xcdatamodel */ = {isa = PBXFileReference; lastKnownFileType = wrapper.xcdatamodel; path = "IoRiciclo 9.xcdatamodel"; sourceTree = "<group>"; };
		47D1CB3D18C62800004D84AC /* Model.xcmappingmodel */ = {isa = PBXFileReference; lastKnownFileType = wrapper.xcmappingmodel; path = Model.xcmappingmodel; sourceTree = "<group>"; };
		47D2752818336BFE00D72F15 /* ic_iconoff.png */ = {isa = PBXFileReference; lastKnownFileType = image.png; path = ic_iconoff.png; sourceTree = "<group>"; };
		47D2752A18336C0400D72F15 /* ic_iconon.png */ = {isa = PBXFileReference; lastKnownFileType = image.png; path = ic_iconon.png; sourceTree = "<group>"; };
		47D2752C18337D3000D72F15 /* backhome.jpg */ = {isa = PBXFileReference; lastKnownFileType = image.jpeg; path = backhome.jpg; sourceTree = "<group>"; };
		47D2752E18366D6500D72F15 /* CassonettiViewController.h */ = {isa = PBXFileReference; fileEncoding = 4; lastKnownFileType = sourcecode.c.h; path = CassonettiViewController.h; sourceTree = "<group>"; };
		47D2752F18366D6500D72F15 /* CassonettiViewController.m */ = {isa = PBXFileReference; fileEncoding = 4; lastKnownFileType = sourcecode.c.objc; path = CassonettiViewController.m; sourceTree = "<group>"; };
		47D2753118366E1B00D72F15 /* MapKit.framework */ = {isa = PBXFileReference; lastKnownFileType = wrapper.framework; name = MapKit.framework; path = System/Library/Frameworks/MapKit.framework; sourceTree = SDKROOT; };
		47D275331836780800D72F15 /* CentriRaccoltaViewController.h */ = {isa = PBXFileReference; fileEncoding = 4; lastKnownFileType = sourcecode.c.h; path = CentriRaccoltaViewController.h; sourceTree = "<group>"; };
		47D275341836780800D72F15 /* CentriRaccoltaViewController.m */ = {isa = PBXFileReference; fileEncoding = 4; lastKnownFileType = sourcecode.c.objc; path = CentriRaccoltaViewController.m; sourceTree = "<group>"; };
		47D2759118367BBD00D72F15 /* Cassonetto.h */ = {isa = PBXFileReference; fileEncoding = 4; lastKnownFileType = sourcecode.c.h; name = Cassonetto.h; path = ../Cassonetto.h; sourceTree = "<group>"; };
		47D2759218367BBD00D72F15 /* Cassonetto.m */ = {isa = PBXFileReference; fileEncoding = 4; lastKnownFileType = sourcecode.c.objc; name = Cassonetto.m; path = ../Cassonetto.m; sourceTree = "<group>"; };
		47D2759418367BBD00D72F15 /* CentriRaccolta.h */ = {isa = PBXFileReference; fileEncoding = 4; lastKnownFileType = sourcecode.c.h; name = CentriRaccolta.h; path = ../CentriRaccolta.h; sourceTree = "<group>"; };
		47D2759518367BBD00D72F15 /* CentriRaccolta.m */ = {isa = PBXFileReference; fileEncoding = 4; lastKnownFileType = sourcecode.c.objc; name = CentriRaccolta.m; path = ../CentriRaccolta.m; sourceTree = "<group>"; };
		47D28751183A0643006A15F6 /* CalendarioDetail.h */ = {isa = PBXFileReference; fileEncoding = 4; lastKnownFileType = sourcecode.c.h; path = CalendarioDetail.h; sourceTree = "<group>"; };
		47D28752183A0643006A15F6 /* CalendarioDetail.m */ = {isa = PBXFileReference; fileEncoding = 4; lastKnownFileType = sourcecode.c.objc; path = CalendarioDetail.m; sourceTree = "<group>"; };
		47D28754183A53D3006A15F6 /* ann_000.png */ = {isa = PBXFileReference; lastKnownFileType = image.png; path = ann_000.png; sourceTree = "<group>"; };
		47D28756183A6049006A15F6 /* CalendarioViewController.h */ = {isa = PBXFileReference; fileEncoding = 4; lastKnownFileType = sourcecode.c.h; path = CalendarioViewController.h; sourceTree = "<group>"; };
		47D28757183A6049006A15F6 /* CalendarioViewController.m */ = {isa = PBXFileReference; fileEncoding = 4; lastKnownFileType = sourcecode.c.objc; path = CalendarioViewController.m; sourceTree = "<group>"; };
		47D983C818BB5C4F007D38F0 /* IoRiciclo 2.xcdatamodel */ = {isa = PBXFileReference; lastKnownFileType = wrapper.xcdatamodel; path = "IoRiciclo 2.xcdatamodel"; sourceTree = "<group>"; };
		47E098BC19331939008F3A60 /* SocialLoginViewController.h */ = {isa = PBXFileReference; fileEncoding = 4; lastKnownFileType = sourcecode.c.h; path = SocialLoginViewController.h; sourceTree = "<group>"; };
		47E098BD19331939008F3A60 /* SocialLoginViewController.m */ = {isa = PBXFileReference; fileEncoding = 4; lastKnownFileType = sourcecode.c.objc; path = SocialLoginViewController.m; sourceTree = "<group>"; };
		47E098BF193341A0008F3A60 /* ComuniSearchViewController.h */ = {isa = PBXFileReference; fileEncoding = 4; lastKnownFileType = sourcecode.c.h; path = ComuniSearchViewController.h; sourceTree = "<group>"; };
		47E098C0193341A0008F3A60 /* ComuniSearchViewController.m */ = {isa = PBXFileReference; fileEncoding = 4; lastKnownFileType = sourcecode.c.objc; path = ComuniSearchViewController.m; sourceTree = "<group>"; };
		47E098C21934D427008F3A60 /* CoreLocation.framework */ = {isa = PBXFileReference; lastKnownFileType = wrapper.framework; name = CoreLocation.framework; path = System/Library/Frameworks/CoreLocation.framework; sourceTree = SDKROOT; };
		47EAE406188EA79900FF9D1E /* iRate.bundle */ = {isa = PBXFileReference; lastKnownFileType = "wrapper.plug-in"; path = iRate.bundle; sourceTree = "<group>"; };
		47EAE407188EA79900FF9D1E /* iRate.h */ = {isa = PBXFileReference; fileEncoding = 4; lastKnownFileType = sourcecode.c.h; path = iRate.h; sourceTree = "<group>"; };
		47EAE408188EA79900FF9D1E /* iRate.m */ = {isa = PBXFileReference; fileEncoding = 4; lastKnownFileType = sourcecode.c.objc; path = iRate.m; sourceTree = "<group>"; };
		47EAE40B188EA81900FF9D1E /* StoreKit.framework */ = {isa = PBXFileReference; lastKnownFileType = wrapper.framework; name = StoreKit.framework; path = System/Library/Frameworks/StoreKit.framework; sourceTree = SDKROOT; };
		47EECAD2182D199B005FD4E4 /* Province.h */ = {isa = PBXFileReference; fileEncoding = 4; lastKnownFileType = sourcecode.c.h; path = Province.h; sourceTree = "<group>"; };
		47EECAD3182D199B005FD4E4 /* Province.m */ = {isa = PBXFileReference; fileEncoding = 4; lastKnownFileType = sourcecode.c.objc; path = Province.m; sourceTree = "<group>"; };
		47EECAD5182D199C005FD4E4 /* TipiRicicloComuni.h */ = {isa = PBXFileReference; fileEncoding = 4; lastKnownFileType = sourcecode.c.h; path = TipiRicicloComuni.h; sourceTree = "<group>"; };
		47EECAD6182D199C005FD4E4 /* TipiRicicloComuni.m */ = {isa = PBXFileReference; fileEncoding = 4; lastKnownFileType = sourcecode.c.objc; path = TipiRicicloComuni.m; sourceTree = "<group>"; };
		47EECAD8182D199C005FD4E4 /* Comuni.h */ = {isa = PBXFileReference; fileEncoding = 4; lastKnownFileType = sourcecode.c.h; path = Comuni.h; sourceTree = "<group>"; };
		47EECAD9182D199C005FD4E4 /* Comuni.m */ = {isa = PBXFileReference; fileEncoding = 4; lastKnownFileType = sourcecode.c.objc; path = Comuni.m; sourceTree = "<group>"; };
		47EECADB182D199C005FD4E4 /* TipiRiciclo.h */ = {isa = PBXFileReference; fileEncoding = 4; lastKnownFileType = sourcecode.c.h; path = TipiRiciclo.h; sourceTree = "<group>"; };
		47EECADC182D199C005FD4E4 /* TipiRiciclo.m */ = {isa = PBXFileReference; fileEncoding = 4; lastKnownFileType = sourcecode.c.objc; path = TipiRiciclo.m; sourceTree = "<group>"; };
		47EECADE182D199C005FD4E4 /* GiorniRiciclo.h */ = {isa = PBXFileReference; fileEncoding = 4; lastKnownFileType = sourcecode.c.h; path = GiorniRiciclo.h; sourceTree = "<group>"; };
		47EECADF182D199C005FD4E4 /* GiorniRiciclo.m */ = {isa = PBXFileReference; fileEncoding = 4; lastKnownFileType = sourcecode.c.objc; path = GiorniRiciclo.m; sourceTree = "<group>"; };
		47EECAE1182D199C005FD4E4 /* Zone.h */ = {isa = PBXFileReference; fileEncoding = 4; lastKnownFileType = sourcecode.c.h; path = Zone.h; sourceTree = "<group>"; };
		47EECAE2182D199C005FD4E4 /* Zone.m */ = {isa = PBXFileReference; fileEncoding = 4; lastKnownFileType = sourcecode.c.objc; path = Zone.m; sourceTree = "<group>"; };
		47EECAE71830E8C5005FD4E4 /* DateHelper.h */ = {isa = PBXFileReference; fileEncoding = 4; lastKnownFileType = sourcecode.c.h; path = DateHelper.h; sourceTree = "<group>"; };
		47EECAE81830E8C5005FD4E4 /* DateHelper.m */ = {isa = PBXFileReference; fileEncoding = 4; lastKnownFileType = sourcecode.c.objc; path = DateHelper.m; sourceTree = "<group>"; };
		47EECAEE18312EAB005FD4E4 /* CoreDataMethods.h */ = {isa = PBXFileReference; fileEncoding = 4; lastKnownFileType = sourcecode.c.h; name = CoreDataMethods.h; path = ../CoreDataMethods.h; sourceTree = "<group>"; };
		47EECAEF18312EAB005FD4E4 /* CoreDataMethods.m */ = {isa = PBXFileReference; fileEncoding = 4; lastKnownFileType = sourcecode.c.objc; name = CoreDataMethods.m; path = ../CoreDataMethods.m; sourceTree = "<group>"; };
		47EECAF018312EAB005FD4E4 /* ManagedObjectBase.h */ = {isa = PBXFileReference; fileEncoding = 4; lastKnownFileType = sourcecode.c.h; name = ManagedObjectBase.h; path = ../ManagedObjectBase.h; sourceTree = "<group>"; };
		47EECAF118312EAB005FD4E4 /* ManagedObjectBase.m */ = {isa = PBXFileReference; fileEncoding = 4; lastKnownFileType = sourcecode.c.objc; name = ManagedObjectBase.m; path = ../ManagedObjectBase.m; sourceTree = "<group>"; };
		47F6222B17E8627300295CAE /* IoRiciclo57.png */ = {isa = PBXFileReference; lastKnownFileType = image.png; name = IoRiciclo57.png; path = ../IoRiciclo57.png; sourceTree = "<group>"; };
		47F6222D17E8627800295CAE /* IoRiciclo114.png */ = {isa = PBXFileReference; lastKnownFileType = image.png; name = IoRiciclo114.png; path = ../IoRiciclo114.png; sourceTree = "<group>"; };
		47F8CA5517ED63D8006DCB2A /* iAd.framework */ = {isa = PBXFileReference; lastKnownFileType = wrapper.framework; name = iAd.framework; path = System/Library/Frameworks/iAd.framework; sourceTree = SDKROOT; };
		EA097F2519646565002FA6C8 /* FacebookSDK.framework */ = {isa = PBXFileReference; lastKnownFileType = wrapper.framework; path = FacebookSDK.framework; sourceTree = "<group>"; };
		EAA8069A18D7003D00C1A4DC /* UrlZoneViewController.m */ = {isa = PBXFileReference; fileEncoding = 4; lastKnownFileType = sourcecode.c.objc; path = UrlZoneViewController.m; sourceTree = SOURCE_ROOT; };
		EAA8069B18D7003D00C1A4DC /* UrlZoneViewController.h */ = {isa = PBXFileReference; fileEncoding = 4; lastKnownFileType = sourcecode.c.h; path = UrlZoneViewController.h; sourceTree = SOURCE_ROOT; };
		EAA8069D18D700E500C1A4DC /* AppDelegate.h */ = {isa = PBXFileReference; lastKnownFileType = sourcecode.c.h; path = AppDelegate.h; sourceTree = "<group>"; };
		EAB80EA618D6FE210047993E /* IoRiciclo120.png */ = {isa = PBXFileReference; lastKnownFileType = image.png; path = IoRiciclo120.png; sourceTree = SOURCE_ROOT; };
		EAB80EA718D6FE210047993E /* IoRiciclo100.png */ = {isa = PBXFileReference; lastKnownFileType = image.png; path = IoRiciclo100.png; sourceTree = SOURCE_ROOT; };
		EAB80EA818D6FE210047993E /* IoRiciclo80.png */ = {isa = PBXFileReference; lastKnownFileType = image.png; path = IoRiciclo80.png; sourceTree = SOURCE_ROOT; };
		EAB80EA918D6FE210047993E /* IoRiciclo58.png */ = {isa = PBXFileReference; lastKnownFileType = image.png; path = IoRiciclo58.png; sourceTree = SOURCE_ROOT; };
		EAB80EAA18D6FE210047993E /* IoRiciclo50.png */ = {isa = PBXFileReference; lastKnownFileType = image.png; path = IoRiciclo50.png; sourceTree = SOURCE_ROOT; };
		EAB80EAB18D6FE210047993E /* IoRiciclo40.png */ = {isa = PBXFileReference; lastKnownFileType = image.png; path = IoRiciclo40.png; sourceTree = SOURCE_ROOT; };
		EAB80EAC18D6FE210047993E /* IoRiciclo29.png */ = {isa = PBXFileReference; lastKnownFileType = image.png; path = IoRiciclo29.png; sourceTree = SOURCE_ROOT; };
/* End PBXFileReference section */

/* Begin PBXFrameworksBuildPhase section */
		4701CC6E17897132000E72A7 /* Frameworks */ = {
			isa = PBXFrameworksBuildPhase;
			buildActionMask = 2147483647;
			files = (
				47E098C31934D427008F3A60 /* CoreLocation.framework in Frameworks */,
				47EAE40C188EA81900FF9D1E /* StoreKit.framework in Frameworks */,
				4711E19B183CF4C800EED72F /* QuartzCore.framework in Frameworks */,
				47D2753218366E1B00D72F15 /* MapKit.framework in Frameworks */,
				47EECAE4182D19D1005FD4E4 /* CoreData.framework in Frameworks */,
				47F8CA5617ED63D8006DCB2A /* iAd.framework in Frameworks */,
				4701CCD81789B541000E72A7 /* SystemConfiguration.framework in Frameworks */,
				4701CC7517897132000E72A7 /* UIKit.framework in Frameworks */,
				EA097F2619646565002FA6C8 /* FacebookSDK.framework in Frameworks */,
				4701CC7717897132000E72A7 /* Foundation.framework in Frameworks */,
				4701CC7917897132000E72A7 /* CoreGraphics.framework in Frameworks */,
			);
			runOnlyForDeploymentPostprocessing = 0;
		};
/* End PBXFrameworksBuildPhase section */

/* Begin PBXGroup section */
		4701CC6817897132000E72A7 = {
			isa = PBXGroup;
			children = (
				47EAE405188EA79900FF9D1E /* iRate */,
				4701CC7A17897132000E72A7 /* IoRiciclo */,
				4701CC7317897132000E72A7 /* Frameworks */,
				4701CC7217897132000E72A7 /* Products */,
			);
			sourceTree = "<group>";
		};
		4701CC7217897132000E72A7 /* Products */ = {
			isa = PBXGroup;
			children = (
				4701CC7117897132000E72A7 /* IoRiciclo.app */,
			);
			name = Products;
			sourceTree = "<group>";
		};
		4701CC7317897132000E72A7 /* Frameworks */ = {
			isa = PBXGroup;
			children = (
				EA097F2519646565002FA6C8 /* FacebookSDK.framework */,
				47E098C21934D427008F3A60 /* CoreLocation.framework */,
				47EAE40B188EA81900FF9D1E /* StoreKit.framework */,
				4711E19A183CF4C800EED72F /* QuartzCore.framework */,
				47D2753118366E1B00D72F15 /* MapKit.framework */,
				47F8CA5517ED63D8006DCB2A /* iAd.framework */,
				4701CCD71789B541000E72A7 /* SystemConfiguration.framework */,
				4701CCD51789B51C000E72A7 /* CoreData.framework */,
				4701CC7417897132000E72A7 /* UIKit.framework */,
				4701CC7617897132000E72A7 /* Foundation.framework */,
				4701CC7817897132000E72A7 /* CoreGraphics.framework */,
				4701CC9B17897132000E72A7 /* SenTestingKit.framework */,
			);
			name = Frameworks;
			sourceTree = "<group>";
		};
		4701CC7A17897132000E72A7 /* IoRiciclo */ = {
			isa = PBXGroup;
			children = (
				4701CCB6178971CD000E72A7 /* BaseUtils */,
				4701CCB2178971B3000E72A7 /* Entities */,
				EAA8069D18D700E500C1A4DC /* AppDelegate.h */,
				4701CC8417897132000E72A7 /* AppDelegate.m */,
				4701CC8C17897132000E72A7 /* MainStoryboard_iPhone.storyboard */,
				4701CC8F17897132000E72A7 /* MainStoryboard_iPad.storyboard */,
				4701CC9217897132000E72A7 /* RicicloViewController.h */,
				4701CC9317897132000E72A7 /* RicicloViewController.m */,
				47D2752E18366D6500D72F15 /* CassonettiViewController.h */,
				47D2752F18366D6500D72F15 /* CassonettiViewController.m */,
				EAA8069B18D7003D00C1A4DC /* UrlZoneViewController.h */,
				EAA8069A18D7003D00C1A4DC /* UrlZoneViewController.m */,
				47D275331836780800D72F15 /* CentriRaccoltaViewController.h */,
				47D275341836780800D72F15 /* CentriRaccoltaViewController.m */,
				47D28756183A6049006A15F6 /* CalendarioViewController.h */,
				47D28757183A6049006A15F6 /* CalendarioViewController.m */,
				4711E191183B6E3B00EED72F /* AvvisiViewController.h */,
				4711E192183B6E3B00EED72F /* AvvisiViewController.m */,
				47D1CB2518BBF1CD004D84AC /* ComuneDettaglioViewController.h */,
				47D1CB2618BBF1CD004D84AC /* ComuneDettaglioViewController.m */,
				47E098BC19331939008F3A60 /* SocialLoginViewController.h */,
				47E098BD19331939008F3A60 /* SocialLoginViewController.m */,
				47E098BF193341A0008F3A60 /* ComuniSearchViewController.h */,
				47E098C0193341A0008F3A60 /* ComuniSearchViewController.m */,
				4701CC7B17897132000E72A7 /* Supporting Files */,
			);
			path = IoRiciclo;
			sourceTree = "<group>";
		};
		4701CC7B17897132000E72A7 /* Supporting Files */ = {
			isa = PBXGroup;
			children = (
				4772085B19011DBA00889B0F /* lampadinaazzurro.png */,
				47D1CB3318C4E6CE004D84AC /* lampadinagray.png */,
				47D1CB3418C4E6CE004D84AC /* lampadinagreen.png */,
				47D1CB3518C4E6CE004D84AC /* lampadinaorange.png */,
				47D1CB3618C4E6CE004D84AC /* markercomune.png */,
				47D28754183A53D3006A15F6 /* ann_000.png */,
				47D2752C18337D3000D72F15 /* backhome.jpg */,
				47D2752A18336C0400D72F15 /* ic_iconon.png */,
				47D2752818336BFE00D72F15 /* ic_iconoff.png */,
				47F6222D17E8627800295CAE /* IoRiciclo114.png */,
				EAB80EA618D6FE210047993E /* IoRiciclo120.png */,
				EAB80EA718D6FE210047993E /* IoRiciclo100.png */,
				EAB80EA818D6FE210047993E /* IoRiciclo80.png */,
				EAB80EA918D6FE210047993E /* IoRiciclo58.png */,
				EAB80EAA18D6FE210047993E /* IoRiciclo50.png */,
				EAB80EAB18D6FE210047993E /* IoRiciclo40.png */,
				EAB80EAC18D6FE210047993E /* IoRiciclo29.png */,
				47F6222B17E8627300295CAE /* IoRiciclo57.png */,
				4701CC7C17897132000E72A7 /* IoRiciclo-Info.plist */,
				4701CC7D17897132000E72A7 /* InfoPlist.strings */,
				4701CC8017897132000E72A7 /* main.m */,
				4701CC8217897132000E72A7 /* IoRiciclo-Prefix.pch */,
				4701CC8617897132000E72A7 /* Default.png */,
				4701CC8817897132000E72A7 /* Default@2x.png */,
				4701CC8A17897132000E72A7 /* Default-568h@2x.png */,
			);
			name = "Supporting Files";
			sourceTree = "<group>";
		};
		4701CCB2178971B3000E72A7 /* Entities */ = {
			isa = PBXGroup;
			children = (
				4701CCC617897218000E72A7 /* IoRiciclo.xcdatamodeld */,
				4772085E1909250600889B0F /* Model9-10.xcmappingmodel */,
				47D1CB3D18C62800004D84AC /* Model.xcmappingmodel */,
				47D1CB2D18BE0E1F004D84AC /* Utenti.h */,
				47D1CB2E18BE0E1F004D84AC /* Utenti.m */,
				47D2759418367BBD00D72F15 /* CentriRaccolta.h */,
				47D2759518367BBD00D72F15 /* CentriRaccolta.m */,
				47D2759118367BBD00D72F15 /* Cassonetto.h */,
				47D2759218367BBD00D72F15 /* Cassonetto.m */,
				47EECAE1182D199C005FD4E4 /* Zone.h */,
				47EECAE2182D199C005FD4E4 /* Zone.m */,
				47EECADE182D199C005FD4E4 /* GiorniRiciclo.h */,
				47EECADF182D199C005FD4E4 /* GiorniRiciclo.m */,
				47EECADB182D199C005FD4E4 /* TipiRiciclo.h */,
				47EECADC182D199C005FD4E4 /* TipiRiciclo.m */,
				47EECAD8182D199C005FD4E4 /* Comuni.h */,
				47EECAD9182D199C005FD4E4 /* Comuni.m */,
				47EECAD5182D199C005FD4E4 /* TipiRicicloComuni.h */,
				47EECAD6182D199C005FD4E4 /* TipiRicicloComuni.m */,
				47EECAD2182D199B005FD4E4 /* Province.h */,
				47EECAD3182D199B005FD4E4 /* Province.m */,
				47D28751183A0643006A15F6 /* CalendarioDetail.h */,
				47D28752183A0643006A15F6 /* CalendarioDetail.m */,
				4711E18E183B6A4B00EED72F /* Avvisi.h */,
				4711E18F183B6A4B00EED72F /* Avvisi.m */,
			);
			name = Entities;
			sourceTree = "<group>";
		};
		4701CCB6178971CD000E72A7 /* BaseUtils */ = {
			isa = PBXGroup;
			children = (
				47EECAEE18312EAB005FD4E4 /* CoreDataMethods.h */,
				47EECAEF18312EAB005FD4E4 /* CoreDataMethods.m */,
				47EECAF018312EAB005FD4E4 /* ManagedObjectBase.h */,
				47EECAF118312EAB005FD4E4 /* ManagedObjectBase.m */,
				4701CCB7178971F0000E72A7 /* MyApplicationSingleton.h */,
				4701CCB8178971F0000E72A7 /* MyApplicationSingleton.m */,
				4701CCB9178971F0000E72A7 /* Reachability.h */,
				4701CCBA178971F0000E72A7 /* Reachability.m */,
				4701CCBD178971F0000E72A7 /* Connector.h */,
				4701CCBE178971F0000E72A7 /* Connector.m */,
				4701CCBF178971F0000E72A7 /* Syncronizer.h */,
				4701CCC0178971F0000E72A7 /* Syncronizer.m */,
				47EECAE71830E8C5005FD4E4 /* DateHelper.h */,
				47EECAE81830E8C5005FD4E4 /* DateHelper.m */,
			);
			name = BaseUtils;
			sourceTree = "<group>";
		};
		47EAE405188EA79900FF9D1E /* iRate */ = {
			isa = PBXGroup;
			children = (
				47EAE406188EA79900FF9D1E /* iRate.bundle */,
				47EAE407188EA79900FF9D1E /* iRate.h */,
				47EAE408188EA79900FF9D1E /* iRate.m */,
			);
			path = iRate;
			sourceTree = "<group>";
		};
/* End PBXGroup section */

/* Begin PBXNativeTarget section */
		4701CC7017897132000E72A7 /* IoRiciclo */ = {
			isa = PBXNativeTarget;
			buildConfigurationList = 4701CCAC17897133000E72A7 /* Build configuration list for PBXNativeTarget "IoRiciclo" */;
			buildPhases = (
				4701CC6D17897132000E72A7 /* Sources */,
				4701CC6E17897132000E72A7 /* Frameworks */,
				4701CC6F17897132000E72A7 /* Resources */,
				EAA8069E18D709A400C1A4DC /* ShellScript */,
			);
			buildRules = (
			);
			dependencies = (
			);
			name = IoRiciclo;
			productName = IoRciclo;
			productReference = 4701CC7117897132000E72A7 /* IoRiciclo.app */;
			productType = "com.apple.product-type.application";
		};
/* End PBXNativeTarget section */

/* Begin PBXProject section */
		4701CC6917897132000E72A7 /* Project object */ = {
			isa = PBXProject;
			attributes = {
				LastUpgradeCheck = 0460;
				ORGANIZATIONNAME = "Maria Cristina Narcisi";
				TargetAttributes = {
					4701CC7017897132000E72A7 = {
						DevelopmentTeam = S73MBBQVY2;
					};
				};
			};
			buildConfigurationList = 4701CC6C17897132000E72A7 /* Build configuration list for PBXProject "IoRiciclo" */;
			compatibilityVersion = "Xcode 3.2";
			developmentRegion = English;
			hasScannedForEncodings = 0;
			knownRegions = (
				en,
			);
			mainGroup = 4701CC6817897132000E72A7;
			productRefGroup = 4701CC7217897132000E72A7 /* Products */;
			projectDirPath = "";
			projectRoot = "";
			targets = (
				4701CC7017897132000E72A7 /* IoRiciclo */,
			);
		};
/* End PBXProject section */

/* Begin PBXResourcesBuildPhase section */
		4701CC6F17897132000E72A7 /* Resources */ = {
			isa = PBXResourcesBuildPhase;
			buildActionMask = 2147483647;
			files = (
				4701CC7F17897132000E72A7 /* InfoPlist.strings in Resources */,
				4701CC8717897132000E72A7 /* Default.png in Resources */,
				4701CC8917897132000E72A7 /* Default@2x.png in Resources */,
				4701CC8B17897132000E72A7 /* Default-568h@2x.png in Resources */,
				47D2752918336BFE00D72F15 /* ic_iconoff.png in Resources */,
				EAB80EAD18D6FE210047993E /* IoRiciclo120.png in Resources */,
				4701CC8E17897132000E72A7 /* MainStoryboard_iPhone.storyboard in Resources */,
				EAB80EB218D6FE210047993E /* IoRiciclo40.png in Resources */,
				47EAE409188EA79900FF9D1E /* iRate.bundle in Resources */,
				4701CC9117897132000E72A7 /* MainStoryboard_iPad.storyboard in Resources */,
				EAB80EB318D6FE210047993E /* IoRiciclo29.png in Resources */,
				47F6222C17E8627300295CAE /* IoRiciclo57.png in Resources */,
				47D1CB3918C4E6CE004D84AC /* lampadinaorange.png in Resources */,
				47F6222E17E8627800295CAE /* IoRiciclo114.png in Resources */,
				EAB80EB118D6FE210047993E /* IoRiciclo50.png in Resources */,
				47D1CB3818C4E6CE004D84AC /* lampadinagreen.png in Resources */,
				EAB80EAE18D6FE210047993E /* IoRiciclo100.png in Resources */,
				47D1CB3718C4E6CE004D84AC /* lampadinagray.png in Resources */,
				47D1CB3A18C4E6CE004D84AC /* markercomune.png in Resources */,
				47D28755183A53D3006A15F6 /* ann_000.png in Resources */,
				47D2752D18337D3000D72F15 /* backhome.jpg in Resources */,
				47D2752B18336C0400D72F15 /* ic_iconon.png in Resources */,
				EAB80EB018D6FE210047993E /* IoRiciclo58.png in Resources */,
				4772085C19011DBA00889B0F /* lampadinaazzurro.png in Resources */,
				EAB80EAF18D6FE210047993E /* IoRiciclo80.png in Resources */,
			);
			runOnlyForDeploymentPostprocessing = 0;
		};
/* End PBXResourcesBuildPhase section */

/* Begin PBXShellScriptBuildPhase section */
		EAA8069E18D709A400C1A4DC /* ShellScript */ = {
			isa = PBXShellScriptBuildPhase;
			buildActionMask = 2147483647;
			files = (
			);
			inputPaths = (
			);
			outputPaths = (
			);
			runOnlyForDeploymentPostprocessing = 0;
			shellPath = /bin/sh;
			shellScript = "#!/bin/bash\nbuildNumber=$(/usr/libexec/PlistBuddy -c \"Print CFBundleVersion\" \"$INFOPLIST_FILE\")\nbuildNumber=$(($buildNumber + 1))\n/usr/libexec/PlistBuddy -c \"Set :CFBundleVersion $buildNumber\" \"$INFOPLIST_FILE\"";
		};
/* End PBXShellScriptBuildPhase section */

/* Begin PBXSourcesBuildPhase section */
		4701CC6D17897132000E72A7 /* Sources */ = {
			isa = PBXSourcesBuildPhase;
			buildActionMask = 2147483647;
			files = (
				47EECADA182D199C005FD4E4 /* Comuni.m in Sources */,
				47D2753018366D6500D72F15 /* CassonettiViewController.m in Sources */,
				47D275351836780800D72F15 /* CentriRaccoltaViewController.m in Sources */,
				47EECAF218312EAB005FD4E4 /* CoreDataMethods.m in Sources */,
				47EECADD182D199C005FD4E4 /* TipiRiciclo.m in Sources */,
				4701CC8117897132000E72A7 /* main.m in Sources */,
				4701CC8517897132000E72A7 /* AppDelegate.m in Sources */,
				4701CC9417897132000E72A7 /* RicicloViewController.m in Sources */,
				4701CCC1178971F0000E72A7 /* MyApplicationSingleton.m in Sources */,
				47EECAE91830E8C5005FD4E4 /* DateHelper.m in Sources */,
				47D1CB3E18C62800004D84AC /* Model.xcmappingmodel in Sources */,
				47D2759618367BBD00D72F15 /* CentriRaccolta.m in Sources */,
				EAA8069C18D7003D00C1A4DC /* UrlZoneViewController.m in Sources */,
				47EECAD7182D199C005FD4E4 /* TipiRicicloComuni.m in Sources */,
				4701CCC2178971F0000E72A7 /* Reachability.m in Sources */,
				47EECAF318312EAB005FD4E4 /* ManagedObjectBase.m in Sources */,
				4701CCC4178971F0000E72A7 /* Connector.m in Sources */,
				47D1CB2718BBF1CD004D84AC /* ComuneDettaglioViewController.m in Sources */,
				4711E190183B6A4B00EED72F /* Avvisi.m in Sources */,
				47EECAD4182D199B005FD4E4 /* Province.m in Sources */,
				4701CCC5178971F0000E72A7 /* Syncronizer.m in Sources */,
				47D2759318367BBD00D72F15 /* Cassonetto.m in Sources */,
				47D28753183A0643006A15F6 /* CalendarioDetail.m in Sources */,
				4701CCC817897218000E72A7 /* IoRiciclo.xcdatamodeld in Sources */,
				4711E193183B6E3B00EED72F /* AvvisiViewController.m in Sources */,
				47EAE40A188EA79900FF9D1E /* iRate.m in Sources */,
				47E098BE19331939008F3A60 /* SocialLoginViewController.m in Sources */,
				47EECAE3182D199C005FD4E4 /* Zone.m in Sources */,
				47D1CB2F18BE0E1F004D84AC /* Utenti.m in Sources */,
				4772085F1909250600889B0F /* Model9-10.xcmappingmodel in Sources */,
				47E098C1193341A0008F3A60 /* ComuniSearchViewController.m in Sources */,
				47D28758183A6049006A15F6 /* CalendarioViewController.m in Sources */,
				47EECAE0182D199C005FD4E4 /* GiorniRiciclo.m in Sources */,
			);
			runOnlyForDeploymentPostprocessing = 0;
		};
/* End PBXSourcesBuildPhase section */

/* Begin PBXVariantGroup section */
		4701CC7D17897132000E72A7 /* InfoPlist.strings */ = {
			isa = PBXVariantGroup;
			children = (
				4701CC7E17897132000E72A7 /* en */,
			);
			name = InfoPlist.strings;
			sourceTree = "<group>";
		};
		4701CC8C17897132000E72A7 /* MainStoryboard_iPhone.storyboard */ = {
			isa = PBXVariantGroup;
			children = (
				4701CC8D17897132000E72A7 /* en */,
			);
			name = MainStoryboard_iPhone.storyboard;
			sourceTree = "<group>";
		};
		4701CC8F17897132000E72A7 /* MainStoryboard_iPad.storyboard */ = {
			isa = PBXVariantGroup;
			children = (
				4701CC9017897132000E72A7 /* en */,
			);
			name = MainStoryboard_iPad.storyboard;
			sourceTree = "<group>";
		};
/* End PBXVariantGroup section */

/* Begin XCBuildConfiguration section */
		4701CCAA17897133000E72A7 /* Debug */ = {
			isa = XCBuildConfiguration;
			buildSettings = {
				ALWAYS_SEARCH_USER_PATHS = NO;
				CLANG_CXX_LANGUAGE_STANDARD = "gnu++0x";
				CLANG_CXX_LIBRARY = "libc++";
				CLANG_WARN_CONSTANT_CONVERSION = YES;
				CLANG_WARN_EMPTY_BODY = YES;
				CLANG_WARN_ENUM_CONVERSION = YES;
				CLANG_WARN_INT_CONVERSION = YES;
				CLANG_WARN__DUPLICATE_METHOD_MATCH = YES;
				CODE_SIGN_IDENTITY = "iPhone Developer: Eugenio Pompei (4GE8945YEB)";
				"CODE_SIGN_IDENTITY[sdk=iphoneos*]" = "iPhone Developer: Eugenio Pompei (4GE8945YEB)";
				COPY_PHASE_STRIP = NO;
				GCC_C_LANGUAGE_STANDARD = gnu99;
				GCC_DYNAMIC_NO_PIC = NO;
				GCC_OPTIMIZATION_LEVEL = 0;
				GCC_PREPROCESSOR_DEFINITIONS = (
					"DEBUG=1",
					"$(inherited)",
				);
				GCC_SYMBOLS_PRIVATE_EXTERN = NO;
				GCC_WARN_ABOUT_RETURN_TYPE = YES;
				GCC_WARN_UNINITIALIZED_AUTOS = YES;
				GCC_WARN_UNUSED_VARIABLE = YES;
				IPHONEOS_DEPLOYMENT_TARGET = 6.1;
				ONLY_ACTIVE_ARCH = YES;
				PROVISIONING_PROFILE = "EE3C372E-0D78-453B-ACCE-9FF769BF756E";
				SDKROOT = iphoneos;
				TARGETED_DEVICE_FAMILY = "1,2";
			};
			name = Debug;
		};
		4701CCAB17897133000E72A7 /* Release */ = {
			isa = XCBuildConfiguration;
			buildSettings = {
				ALWAYS_SEARCH_USER_PATHS = NO;
				CLANG_CXX_LANGUAGE_STANDARD = "gnu++0x";
				CLANG_CXX_LIBRARY = "libc++";
				CLANG_WARN_CONSTANT_CONVERSION = YES;
				CLANG_WARN_EMPTY_BODY = YES;
				CLANG_WARN_ENUM_CONVERSION = YES;
				CLANG_WARN_INT_CONVERSION = YES;
				CLANG_WARN__DUPLICATE_METHOD_MATCH = YES;
				CODE_SIGN_IDENTITY = "iPhone Distribution: xTreme Software (S73MBBQVY2)";
				"CODE_SIGN_IDENTITY[sdk=iphoneos*]" = "iPhone Distribution: xTreme Software (S73MBBQVY2)";
				COPY_PHASE_STRIP = YES;
				GCC_C_LANGUAGE_STANDARD = gnu99;
				GCC_WARN_ABOUT_RETURN_TYPE = YES;
				GCC_WARN_UNINITIALIZED_AUTOS = YES;
				GCC_WARN_UNUSED_VARIABLE = YES;
				IPHONEOS_DEPLOYMENT_TARGET = 6.1;
				OTHER_CFLAGS = "-DNS_BLOCK_ASSERTIONS=1";
				PROVISIONING_PROFILE = "7E305690-7CBB-4812-B9BF-BFB4AE5200D2";
				SDKROOT = iphoneos;
				TARGETED_DEVICE_FAMILY = "1,2";
				VALIDATE_PRODUCT = YES;
			};
			name = Release;
		};
		4701CCAD17897133000E72A7 /* Debug */ = {
			isa = XCBuildConfiguration;
			buildSettings = {
				CODE_SIGN_IDENTITY = "iPhone Developer: Eugenio Pompei (4GE8945YEB)";
				"CODE_SIGN_IDENTITY[sdk=iphoneos*]" = "iPhone Developer: Eugenio Pompei (4GE8945YEB)";
				FRAMEWORK_SEARCH_PATHS = (
					"$(inherited)",
					"$(PROJECT_DIR)",
				);
				GCC_PRECOMPILE_PREFIX_HEADER = YES;
				GCC_PREFIX_HEADER = "IoRiciclo/IoRiciclo-Prefix.pch";
				INFOPLIST_FILE = "IoRiciclo/IoRiciclo-Info.plist";
				PRODUCT_NAME = IoRiciclo;
				PROVISIONING_PROFILE = "EE3C372E-0D78-453B-ACCE-9FF769BF756E";
				TARGETED_DEVICE_FAMILY = 1;
				WRAPPER_EXTENSION = app;
			};
			name = Debug;
		};
		4701CCAE17897133000E72A7 /* Release */ = {
			isa = XCBuildConfiguration;
			buildSettings = {
				CODE_SIGN_IDENTITY = "iPhone Distribution: xTreme Software (S73MBBQVY2)";
				"CODE_SIGN_IDENTITY[sdk=iphoneos*]" = "iPhone Distribution: xTreme Software (S73MBBQVY2)";
				FRAMEWORK_SEARCH_PATHS = (
					"$(inherited)",
					"$(PROJECT_DIR)",
				);
				GCC_PRECOMPILE_PREFIX_HEADER = YES;
				GCC_PREFIX_HEADER = "IoRiciclo/IoRiciclo-Prefix.pch";
				INFOPLIST_FILE = "IoRiciclo/IoRiciclo-Info.plist";
				PRODUCT_NAME = IoRiciclo;
				PROVISIONING_PROFILE = "7E305690-7CBB-4812-B9BF-BFB4AE5200D2";
				TARGETED_DEVICE_FAMILY = 1;
				WRAPPER_EXTENSION = app;
			};
			name = Release;
		};
/* End XCBuildConfiguration section */

/* Begin XCConfigurationList section */
		4701CC6C17897132000E72A7 /* Build configuration list for PBXProject "IoRiciclo" */ = {
			isa = XCConfigurationList;
			buildConfigurations = (
				4701CCAA17897133000E72A7 /* Debug */,
				4701CCAB17897133000E72A7 /* Release */,
			);
			defaultConfigurationIsVisible = 0;
			defaultConfigurationName = Release;
		};
		4701CCAC17897133000E72A7 /* Build configuration list for PBXNativeTarget "IoRiciclo" */ = {
			isa = XCConfigurationList;
			buildConfigurations = (
				4701CCAD17897133000E72A7 /* Debug */,
				4701CCAE17897133000E72A7 /* Release */,
			);
			defaultConfigurationIsVisible = 0;
			defaultConfigurationName = Release;
		};
/* End XCConfigurationList section */

/* Begin XCVersionGroup section */
		4701CCC617897218000E72A7 /* IoRiciclo.xcdatamodeld */ = {
			isa = XCVersionGroup;
			children = (
				4772085D190923BC00889B0F /* IoRiciclo 10.xcdatamodel */,
				47D1CB3C18C6270B004D84AC /* IoRiciclo 9.xcdatamodel */,
				47D1CB3B18C62417004D84AC /* IoRiciclo 8.xcdatamodel */,
				47D1CB3218C49A00004D84AC /* IoRiciclo 7.xcdatamodel */,
				47D1CB3018C49576004D84AC /* IoRiciclo 6.xcdatamodel */,
				47D1CB2C18BE0CCE004D84AC /* IoRiciclo 4.xcdatamodel */,
				47D1CB3118C49859004D84AC /* IoRiciclo 6.xcdatamodel */,
				47D1CB2818BDE7C9004D84AC /* IoRiciclo 3.xcdatamodel */,
				47D983C818BB5C4F007D38F0 /* IoRiciclo 2.xcdatamodel */,
				4701CCC717897218000E72A7 /* IoRiciclo.xcdatamodel */,
			);
			currentVersion = 4772085D190923BC00889B0F /* IoRiciclo 10.xcdatamodel */;
			path = IoRiciclo.xcdatamodeld;
			sourceTree = "<group>";
			usesTabs = 0;
			versionGroupType = wrapper.xcdatamodel;
		};
/* End XCVersionGroup section */
	};
	rootObject = 4701CC6917897132000E72A7 /* Project object */;
}
