// !$*UTF8*$!
{
	archiveVersion = 1;
	classes = {
	};
	objectVersion = 46;
	objects = {

/* Begin PBXBuildFile section */
		470075D317D12825004EE1C6 /* ProvinceViewController.m in Sources */ = {isa = PBXBuildFile; fileRef = 470075D217D12825004EE1C6 /* ProvinceViewController.m */; };
		4701CC7517897132000E72A7 /* UIKit.framework in Frameworks */ = {isa = PBXBuildFile; fileRef = 4701CC7417897132000E72A7 /* UIKit.framework */; };
		4701CC7717897132000E72A7 /* Foundation.framework in Frameworks */ = {isa = PBXBuildFile; fileRef = 4701CC7617897132000E72A7 /* Foundation.framework */; };
		4701CC7917897132000E72A7 /* CoreGraphics.framework in Frameworks */ = {isa = PBXBuildFile; fileRef = 4701CC7817897132000E72A7 /* CoreGraphics.framework */; };
		4701CC7F17897132000E72A7 /* InfoPlist.strings in Resources */ = {isa = PBXBuildFile; fileRef = 4701CC7D17897132000E72A7 /* InfoPlist.strings */; };
		4701CC8117897132000E72A7 /* main.m in Sources */ = {isa = PBXBuildFile; fileRef = 4701CC8017897132000E72A7 /* main.m */; };
		4701CC8517897132000E72A7 /* AppDelegate.m in Sources */ = {isa = PBXBuildFile; fileRef = 4701CC8417897132000E72A7 /* AppDelegate.m */; };
		4701CC8717897132000E72A7 /* Default.png in Resources */ = {isa = PBXBuildFile; fileRef = 4701CC8617897132000E72A7 /* Default.png */; };
		4701CC8917897132000E72A7 /* Default@2x.png in Resources */ = {isa = PBXBuildFile; fileRef = 4701CC8817897132000E72A7 /* Default@2x.png */; };
		4701CC8B17897132000E72A7 /* Default-568h@2x.png in Resources */ = {isa = PBXBuildFile; fileRef = 4701CC8A17897132000E72A7 /* Default-568h@2x.png */; };
		4701CC8E17897132000E72A7 /* MainStoryboard_iPhone.storyboard in Resources */ = {isa = PBXBuildFile; fileRef = 4701CC8C17897132000E72A7 /* MainStoryboard_iPhone.storyboard */; };
		4701CC9117897132000E72A7 /* MainStoryboard_iPad.storyboard in Resources */ = {isa = PBXBuildFile; fileRef = 4701CC8F17897132000E72A7 /* MainStoryboard_iPad.storyboard */; };
		4701CC9417897132000E72A7 /* RicicloViewController.m in Sources */ = {isa = PBXBuildFile; fileRef = 4701CC9317897132000E72A7 /* RicicloViewController.m */; };
		4701CC9C17897132000E72A7 /* SenTestingKit.framework in Frameworks */ = {isa = PBXBuildFile; fileRef = 4701CC9B17897132000E72A7 /* SenTestingKit.framework */; };
		4701CC9D17897132000E72A7 /* UIKit.framework in Frameworks */ = {isa = PBXBuildFile; fileRef = 4701CC7417897132000E72A7 /* UIKit.framework */; };
		4701CC9E17897132000E72A7 /* Foundation.framework in Frameworks */ = {isa = PBXBuildFile; fileRef = 4701CC7617897132000E72A7 /* Foundation.framework */; };
		4701CCA617897133000E72A7 /* InfoPlist.strings in Resources */ = {isa = PBXBuildFile; fileRef = 4701CCA417897133000E72A7 /* InfoPlist.strings */; };
		4701CCA917897133000E72A7 /* IoRcicloTests.m in Sources */ = {isa = PBXBuildFile; fileRef = 4701CCA817897133000E72A7 /* IoRcicloTests.m */; };
		4701CCC1178971F0000E72A7 /* MyApplicationSingleton.m in Sources */ = {isa = PBXBuildFile; fileRef = 4701CCB8178971F0000E72A7 /* MyApplicationSingleton.m */; };
		4701CCC2178971F0000E72A7 /* Reachability.m in Sources */ = {isa = PBXBuildFile; fileRef = 4701CCBA178971F0000E72A7 /* Reachability.m */; };
		4701CCC4178971F0000E72A7 /* Connector.m in Sources */ = {isa = PBXBuildFile; fileRef = 4701CCBE178971F0000E72A7 /* Connector.m */; };
		4701CCC5178971F0000E72A7 /* Syncronizer.m in Sources */ = {isa = PBXBuildFile; fileRef = 4701CCC0178971F0000E72A7 /* Syncronizer.m */; };
		4701CCC817897218000E72A7 /* IoRiciclo.xcdatamodeld in Sources */ = {isa = PBXBuildFile; fileRef = 4701CCC617897218000E72A7 /* IoRiciclo.xcdatamodeld */; };
		4701CCD81789B541000E72A7 /* SystemConfiguration.framework in Frameworks */ = {isa = PBXBuildFile; fileRef = 4701CCD71789B541000E72A7 /* SystemConfiguration.framework */; };
		470CD2BA17CFEAA500DF79DE /* ComuniViewController.m in Sources */ = {isa = PBXBuildFile; fileRef = 470CD2B917CFEAA500DF79DE /* ComuniViewController.m */; };
		47D2752918336BFE00D72F15 /* ic_iconoff.png in Resources */ = {isa = PBXBuildFile; fileRef = 47D2752818336BFE00D72F15 /* ic_iconoff.png */; };
		47D2752B18336C0400D72F15 /* ic_iconon.png in Resources */ = {isa = PBXBuildFile; fileRef = 47D2752A18336C0400D72F15 /* ic_iconon.png */; };
		47D2752D18337D3000D72F15 /* backhome.jpg in Resources */ = {isa = PBXBuildFile; fileRef = 47D2752C18337D3000D72F15 /* backhome.jpg */; };
		47EECAD4182D199B005FD4E4 /* Province.m in Sources */ = {isa = PBXBuildFile; fileRef = 47EECAD3182D199B005FD4E4 /* Province.m */; };
		47EECAD7182D199C005FD4E4 /* TipiRicicloComuni.m in Sources */ = {isa = PBXBuildFile; fileRef = 47EECAD6182D199C005FD4E4 /* TipiRicicloComuni.m */; };
		47EECADA182D199C005FD4E4 /* Comuni.m in Sources */ = {isa = PBXBuildFile; fileRef = 47EECAD9182D199C005FD4E4 /* Comuni.m */; };
		47EECADD182D199C005FD4E4 /* TipiRiciclo.m in Sources */ = {isa = PBXBuildFile; fileRef = 47EECADC182D199C005FD4E4 /* TipiRiciclo.m */; };
		47EECAE0182D199C005FD4E4 /* GiorniRiciclo.m in Sources */ = {isa = PBXBuildFile; fileRef = 47EECADF182D199C005FD4E4 /* GiorniRiciclo.m */; };
		47EECAE3182D199C005FD4E4 /* Zone.m in Sources */ = {isa = PBXBuildFile; fileRef = 47EECAE2182D199C005FD4E4 /* Zone.m */; };
		47EECAE4182D19D1005FD4E4 /* CoreData.framework in Frameworks */ = {isa = PBXBuildFile; fileRef = 4701CCD51789B51C000E72A7 /* CoreData.framework */; };
		47EECAE91830E8C5005FD4E4 /* DateHelper.m in Sources */ = {isa = PBXBuildFile; fileRef = 47EECAE81830E8C5005FD4E4 /* DateHelper.m */; };
		47EECAF218312EAB005FD4E4 /* CoreDataMethods.m in Sources */ = {isa = PBXBuildFile; fileRef = 47EECAEF18312EAB005FD4E4 /* CoreDataMethods.m */; };
		47EECAF318312EAB005FD4E4 /* ManagedObjectBase.m in Sources */ = {isa = PBXBuildFile; fileRef = 47EECAF118312EAB005FD4E4 /* ManagedObjectBase.m */; };
		47F6222C17E8627300295CAE /* IoRiciclo57.png in Resources */ = {isa = PBXBuildFile; fileRef = 47F6222B17E8627300295CAE /* IoRiciclo57.png */; };
		47F6222E17E8627800295CAE /* IoRiciclo114.png in Resources */ = {isa = PBXBuildFile; fileRef = 47F6222D17E8627800295CAE /* IoRiciclo114.png */; };
		47F6223017E88BAB00295CAE /* alarm.png in Resources */ = {isa = PBXBuildFile; fileRef = 47F6222F17E88BAB00295CAE /* alarm.png */; };
		47F6223217E88F3500295CAE /* Salarm2.png in Resources */ = {isa = PBXBuildFile; fileRef = 47F6223117E88F3500295CAE /* Salarm2.png */; };
		47F6223417E88F9900295CAE /* alarm3.png in Resources */ = {isa = PBXBuildFile; fileRef = 47F6223317E88F9900295CAE /* alarm3.png */; };
		47F6223817E8A50200295CAE /* noalarm2.png in Resources */ = {isa = PBXBuildFile; fileRef = 47F6223717E8A50200295CAE /* noalarm2.png */; };
		47F8CA5617ED63D8006DCB2A /* iAd.framework in Frameworks */ = {isa = PBXBuildFile; fileRef = 47F8CA5517ED63D8006DCB2A /* iAd.framework */; };
/* End PBXBuildFile section */

/* Begin PBXContainerItemProxy section */
		4701CC9F17897132000E72A7 /* PBXContainerItemProxy */ = {
			isa = PBXContainerItemProxy;
			containerPortal = 4701CC6917897132000E72A7 /* Project object */;
			proxyType = 1;
			remoteGlobalIDString = 4701CC7017897132000E72A7;
			remoteInfo = IoRciclo;
		};
/* End PBXContainerItemProxy section */

/* Begin PBXFileReference section */
		470075D117D12825004EE1C6 /* ProvinceViewController.h */ = {isa = PBXFileReference; fileEncoding = 4; lastKnownFileType = sourcecode.c.h; path = ProvinceViewController.h; sourceTree = "<group>"; };
		470075D217D12825004EE1C6 /* ProvinceViewController.m */ = {isa = PBXFileReference; fileEncoding = 4; lastKnownFileType = sourcecode.c.objc; path = ProvinceViewController.m; sourceTree = "<group>"; };
		4701CC7117897132000E72A7 /* IoRciclo.app */ = {isa = PBXFileReference; explicitFileType = wrapper.application; includeInIndex = 0; path = IoRciclo.app; sourceTree = BUILT_PRODUCTS_DIR; };
		4701CC7417897132000E72A7 /* UIKit.framework */ = {isa = PBXFileReference; lastKnownFileType = wrapper.framework; name = UIKit.framework; path = System/Library/Frameworks/UIKit.framework; sourceTree = SDKROOT; };
		4701CC7617897132000E72A7 /* Foundation.framework */ = {isa = PBXFileReference; lastKnownFileType = wrapper.framework; name = Foundation.framework; path = System/Library/Frameworks/Foundation.framework; sourceTree = SDKROOT; };
		4701CC7817897132000E72A7 /* CoreGraphics.framework */ = {isa = PBXFileReference; lastKnownFileType = wrapper.framework; name = CoreGraphics.framework; path = System/Library/Frameworks/CoreGraphics.framework; sourceTree = SDKROOT; };
		4701CC7C17897132000E72A7 /* IoRciclo-Info.plist */ = {isa = PBXFileReference; lastKnownFileType = text.plist.xml; path = "IoRciclo-Info.plist"; sourceTree = "<group>"; };
		4701CC7E17897132000E72A7 /* en */ = {isa = PBXFileReference; lastKnownFileType = text.plist.strings; name = en; path = en.lproj/InfoPlist.strings; sourceTree = "<group>"; };
		4701CC8017897132000E72A7 /* main.m */ = {isa = PBXFileReference; lastKnownFileType = sourcecode.c.objc; path = main.m; sourceTree = "<group>"; };
		4701CC8217897132000E72A7 /* IoRciclo-Prefix.pch */ = {isa = PBXFileReference; lastKnownFileType = sourcecode.c.h; path = "IoRciclo-Prefix.pch"; sourceTree = "<group>"; };
		4701CC8317897132000E72A7 /* AppDelegate.h */ = {isa = PBXFileReference; lastKnownFileType = sourcecode.c.h; path = AppDelegate.h; sourceTree = "<group>"; };
		4701CC8417897132000E72A7 /* AppDelegate.m */ = {isa = PBXFileReference; lastKnownFileType = sourcecode.c.objc; path = AppDelegate.m; sourceTree = "<group>"; };
		4701CC8617897132000E72A7 /* Default.png */ = {isa = PBXFileReference; lastKnownFileType = image.png; path = Default.png; sourceTree = "<group>"; };
		4701CC8817897132000E72A7 /* Default@2x.png */ = {isa = PBXFileReference; lastKnownFileType = image.png; path = "Default@2x.png"; sourceTree = "<group>"; };
		4701CC8A17897132000E72A7 /* Default-568h@2x.png */ = {isa = PBXFileReference; lastKnownFileType = image.png; path = "Default-568h@2x.png"; sourceTree = "<group>"; };
		4701CC8D17897132000E72A7 /* en */ = {isa = PBXFileReference; lastKnownFileType = file.storyboard; name = en; path = en.lproj/MainStoryboard_iPhone.storyboard; sourceTree = "<group>"; };
		4701CC9017897132000E72A7 /* en */ = {isa = PBXFileReference; lastKnownFileType = file.storyboard; name = en; path = en.lproj/MainStoryboard_iPad.storyboard; sourceTree = "<group>"; };
		4701CC9217897132000E72A7 /* RicicloViewController.h */ = {isa = PBXFileReference; lastKnownFileType = sourcecode.c.h; path = RicicloViewController.h; sourceTree = "<group>"; };
		4701CC9317897132000E72A7 /* RicicloViewController.m */ = {isa = PBXFileReference; lastKnownFileType = sourcecode.c.objc; path = RicicloViewController.m; sourceTree = "<group>"; };
		4701CC9A17897132000E72A7 /* IoRcicloTests.octest */ = {isa = PBXFileReference; explicitFileType = wrapper.cfbundle; includeInIndex = 0; path = IoRcicloTests.octest; sourceTree = BUILT_PRODUCTS_DIR; };
		4701CC9B17897132000E72A7 /* SenTestingKit.framework */ = {isa = PBXFileReference; lastKnownFileType = wrapper.framework; name = SenTestingKit.framework; path = Library/Frameworks/SenTestingKit.framework; sourceTree = DEVELOPER_DIR; };
		4701CCA317897133000E72A7 /* IoRcicloTests-Info.plist */ = {isa = PBXFileReference; lastKnownFileType = text.plist.xml; path = "IoRcicloTests-Info.plist"; sourceTree = "<group>"; };
		4701CCA517897133000E72A7 /* en */ = {isa = PBXFileReference; lastKnownFileType = text.plist.strings; name = en; path = en.lproj/InfoPlist.strings; sourceTree = "<group>"; };
		4701CCA717897133000E72A7 /* IoRcicloTests.h */ = {isa = PBXFileReference; lastKnownFileType = sourcecode.c.h; path = IoRcicloTests.h; sourceTree = "<group>"; };
		4701CCA817897133000E72A7 /* IoRcicloTests.m */ = {isa = PBXFileReference; lastKnownFileType = sourcecode.c.objc; path = IoRcicloTests.m; sourceTree = "<group>"; };
		4701CCB7178971F0000E72A7 /* MyApplicationSingleton.h */ = {isa = PBXFileReference; fileEncoding = 4; lastKnownFileType = sourcecode.c.h; path = MyApplicationSingleton.h; sourceTree = "<group>"; };
		4701CCB8178971F0000E72A7 /* MyApplicationSingleton.m */ = {isa = PBXFileReference; fileEncoding = 4; lastKnownFileType = sourcecode.c.objc; path = MyApplicationSingleton.m; sourceTree = "<group>"; };
		4701CCB9178971F0000E72A7 /* Reachability.h */ = {isa = PBXFileReference; fileEncoding = 4; lastKnownFileType = sourcecode.c.h; path = Reachability.h; sourceTree = "<group>"; };
		4701CCBA178971F0000E72A7 /* Reachability.m */ = {isa = PBXFileReference; fileEncoding = 4; lastKnownFileType = sourcecode.c.objc; path = Reachability.m; sourceTree = "<group>"; };
		4701CCBD178971F0000E72A7 /* Connector.h */ = {isa = PBXFileReference; fileEncoding = 4; lastKnownFileType = sourcecode.c.h; path = Connector.h; sourceTree = "<group>"; };
		4701CCBE178971F0000E72A7 /* Connector.m */ = {isa = PBXFileReference; fileEncoding = 4; lastKnownFileType = sourcecode.c.objc; path = Connector.m; sourceTree = "<group>"; };
		4701CCBF178971F0000E72A7 /* Syncronizer.h */ = {isa = PBXFileReference; fileEncoding = 4; lastKnownFileType = sourcecode.c.h; path = Syncronizer.h; sourceTree = "<group>"; };
		4701CCC0178971F0000E72A7 /* Syncronizer.m */ = {isa = PBXFileReference; fileEncoding = 4; lastKnownFileType = sourcecode.c.objc; path = Syncronizer.m; sourceTree = "<group>"; };
		4701CCC717897218000E72A7 /* IoRiciclo.xcdatamodel */ = {isa = PBXFileReference; lastKnownFileType = wrapper.xcdatamodel; path = IoRiciclo.xcdatamodel; sourceTree = "<group>"; };
		4701CCD51789B51C000E72A7 /* CoreData.framework */ = {isa = PBXFileReference; lastKnownFileType = wrapper.framework; name = CoreData.framework; path = System/Library/Frameworks/CoreData.framework; sourceTree = SDKROOT; };
		4701CCD71789B541000E72A7 /* SystemConfiguration.framework */ = {isa = PBXFileReference; lastKnownFileType = wrapper.framework; name = SystemConfiguration.framework; path = System/Library/Frameworks/SystemConfiguration.framework; sourceTree = SDKROOT; };
		470CD2B817CFEAA500DF79DE /* ComuniViewController.h */ = {isa = PBXFileReference; fileEncoding = 4; lastKnownFileType = sourcecode.c.h; path = ComuniViewController.h; sourceTree = "<group>"; };
		470CD2B917CFEAA500DF79DE /* ComuniViewController.m */ = {isa = PBXFileReference; fileEncoding = 4; lastKnownFileType = sourcecode.c.objc; path = ComuniViewController.m; sourceTree = "<group>"; };
		47D2752818336BFE00D72F15 /* ic_iconoff.png */ = {isa = PBXFileReference; lastKnownFileType = image.png; path = ic_iconoff.png; sourceTree = "<group>"; };
		47D2752A18336C0400D72F15 /* ic_iconon.png */ = {isa = PBXFileReference; lastKnownFileType = image.png; path = ic_iconon.png; sourceTree = "<group>"; };
		47D2752C18337D3000D72F15 /* backhome.jpg */ = {isa = PBXFileReference; lastKnownFileType = image.jpeg; path = backhome.jpg; sourceTree = "<group>"; };
		47EECAD2182D199B005FD4E4 /* Province.h */ = {isa = PBXFileReference; fileEncoding = 4; lastKnownFileType = sourcecode.c.h; path = Province.h; sourceTree = "<group>"; };
		47EECAD3182D199B005FD4E4 /* Province.m */ = {isa = PBXFileReference; fileEncoding = 4; lastKnownFileType = sourcecode.c.objc; path = Province.m; sourceTree = "<group>"; };
		47EECAD5182D199C005FD4E4 /* TipiRicicloComuni.h */ = {isa = PBXFileReference; fileEncoding = 4; lastKnownFileType = sourcecode.c.h; path = TipiRicicloComuni.h; sourceTree = "<group>"; };
		47EECAD6182D199C005FD4E4 /* TipiRicicloComuni.m */ = {isa = PBXFileReference; fileEncoding = 4; lastKnownFileType = sourcecode.c.objc; path = TipiRicicloComuni.m; sourceTree = "<group>"; };
		47EECAD8182D199C005FD4E4 /* Comuni.h */ = {isa = PBXFileReference; fileEncoding = 4; lastKnownFileType = sourcecode.c.h; path = Comuni.h; sourceTree = "<group>"; };
		47EECAD9182D199C005FD4E4 /* Comuni.m */ = {isa = PBXFileReference; fileEncoding = 4; lastKnownFileType = sourcecode.c.objc; path = Comuni.m; sourceTree = "<group>"; };
		47EECADB182D199C005FD4E4 /* TipiRiciclo.h */ = {isa = PBXFileReference; fileEncoding = 4; lastKnownFileType = sourcecode.c.h; path = TipiRiciclo.h; sourceTree = "<group>"; };
		47EECADC182D199C005FD4E4 /* TipiRiciclo.m */ = {isa = PBXFileReference; fileEncoding = 4; lastKnownFileType = sourcecode.c.objc; path = TipiRiciclo.m; sourceTree = "<group>"; };
		47EECADE182D199C005FD4E4 /* GiorniRiciclo.h */ = {isa = PBXFileReference; fileEncoding = 4; lastKnownFileType = sourcecode.c.h; path = GiorniRiciclo.h; sourceTree = "<group>"; };
		47EECADF182D199C005FD4E4 /* GiorniRiciclo.m */ = {isa = PBXFileReference; fileEncoding = 4; lastKnownFileType = sourcecode.c.objc; path = GiorniRiciclo.m; sourceTree = "<group>"; };
		47EECAE1182D199C005FD4E4 /* Zone.h */ = {isa = PBXFileReference; fileEncoding = 4; lastKnownFileType = sourcecode.c.h; path = Zone.h; sourceTree = "<group>"; };
		47EECAE2182D199C005FD4E4 /* Zone.m */ = {isa = PBXFileReference; fileEncoding = 4; lastKnownFileType = sourcecode.c.objc; path = Zone.m; sourceTree = "<group>"; };
		47EECAE71830E8C5005FD4E4 /* DateHelper.h */ = {isa = PBXFileReference; fileEncoding = 4; lastKnownFileType = sourcecode.c.h; path = DateHelper.h; sourceTree = "<group>"; };
		47EECAE81830E8C5005FD4E4 /* DateHelper.m */ = {isa = PBXFileReference; fileEncoding = 4; lastKnownFileType = sourcecode.c.objc; path = DateHelper.m; sourceTree = "<group>"; };
		47EECAEE18312EAB005FD4E4 /* CoreDataMethods.h */ = {isa = PBXFileReference; fileEncoding = 4; lastKnownFileType = sourcecode.c.h; path = CoreDataMethods.h; sourceTree = "<group>"; };
		47EECAEF18312EAB005FD4E4 /* CoreDataMethods.m */ = {isa = PBXFileReference; fileEncoding = 4; lastKnownFileType = sourcecode.c.objc; path = CoreDataMethods.m; sourceTree = "<group>"; };
		47EECAF018312EAB005FD4E4 /* ManagedObjectBase.h */ = {isa = PBXFileReference; fileEncoding = 4; lastKnownFileType = sourcecode.c.h; path = ManagedObjectBase.h; sourceTree = "<group>"; };
		47EECAF118312EAB005FD4E4 /* ManagedObjectBase.m */ = {isa = PBXFileReference; fileEncoding = 4; lastKnownFileType = sourcecode.c.objc; path = ManagedObjectBase.m; sourceTree = "<group>"; };
		47F6222B17E8627300295CAE /* IoRiciclo57.png */ = {isa = PBXFileReference; lastKnownFileType = image.png; name = IoRiciclo57.png; path = ../IoRiciclo57.png; sourceTree = "<group>"; };
		47F6222D17E8627800295CAE /* IoRiciclo114.png */ = {isa = PBXFileReference; lastKnownFileType = image.png; name = IoRiciclo114.png; path = ../IoRiciclo114.png; sourceTree = "<group>"; };
		47F6222F17E88BAB00295CAE /* alarm.png */ = {isa = PBXFileReference; lastKnownFileType = image.png; path = alarm.png; sourceTree = "<group>"; };
		47F6223117E88F3500295CAE /* Salarm2.png */ = {isa = PBXFileReference; lastKnownFileType = image.png; path = Salarm2.png; sourceTree = "<group>"; };
		47F6223317E88F9900295CAE /* alarm3.png */ = {isa = PBXFileReference; lastKnownFileType = image.png; path = alarm3.png; sourceTree = "<group>"; };
		47F6223717E8A50200295CAE /* noalarm2.png */ = {isa = PBXFileReference; lastKnownFileType = image.png; path = noalarm2.png; sourceTree = "<group>"; };
		47F8CA5517ED63D8006DCB2A /* iAd.framework */ = {isa = PBXFileReference; lastKnownFileType = wrapper.framework; name = iAd.framework; path = System/Library/Frameworks/iAd.framework; sourceTree = SDKROOT; };
/* End PBXFileReference section */

/* Begin PBXFrameworksBuildPhase section */
		4701CC6E17897132000E72A7 /* Frameworks */ = {
			isa = PBXFrameworksBuildPhase;
			buildActionMask = 2147483647;
			files = (
				47EECAE4182D19D1005FD4E4 /* CoreData.framework in Frameworks */,
				47F8CA5617ED63D8006DCB2A /* iAd.framework in Frameworks */,
				4701CCD81789B541000E72A7 /* SystemConfiguration.framework in Frameworks */,
				4701CC7517897132000E72A7 /* UIKit.framework in Frameworks */,
				4701CC7717897132000E72A7 /* Foundation.framework in Frameworks */,
				4701CC7917897132000E72A7 /* CoreGraphics.framework in Frameworks */,
			);
			runOnlyForDeploymentPostprocessing = 0;
		};
		4701CC9617897132000E72A7 /* Frameworks */ = {
			isa = PBXFrameworksBuildPhase;
			buildActionMask = 2147483647;
			files = (
				4701CC9C17897132000E72A7 /* SenTestingKit.framework in Frameworks */,
				4701CC9D17897132000E72A7 /* UIKit.framework in Frameworks */,
				4701CC9E17897132000E72A7 /* Foundation.framework in Frameworks */,
			);
			runOnlyForDeploymentPostprocessing = 0;
		};
/* End PBXFrameworksBuildPhase section */

/* Begin PBXGroup section */
		4701CC6817897132000E72A7 = {
			isa = PBXGroup;
			children = (
				47EECAEE18312EAB005FD4E4 /* CoreDataMethods.h */,
				47EECAEF18312EAB005FD4E4 /* CoreDataMethods.m */,
				47EECAF018312EAB005FD4E4 /* ManagedObjectBase.h */,
				47EECAF118312EAB005FD4E4 /* ManagedObjectBase.m */,
				4701CC7A17897132000E72A7 /* IoRciclo */,
				4701CCA117897132000E72A7 /* IoRcicloTests */,
				4701CC7317897132000E72A7 /* Frameworks */,
				4701CC7217897132000E72A7 /* Products */,
			);
			sourceTree = "<group>";
		};
		4701CC7217897132000E72A7 /* Products */ = {
			isa = PBXGroup;
			children = (
				4701CC7117897132000E72A7 /* IoRciclo.app */,
				4701CC9A17897132000E72A7 /* IoRcicloTests.octest */,
			);
			name = Products;
			sourceTree = "<group>";
		};
		4701CC7317897132000E72A7 /* Frameworks */ = {
			isa = PBXGroup;
			children = (
				47F8CA5517ED63D8006DCB2A /* iAd.framework */,
				4701CCD71789B541000E72A7 /* SystemConfiguration.framework */,
				4701CCD51789B51C000E72A7 /* CoreData.framework */,
				4701CC7417897132000E72A7 /* UIKit.framework */,
				4701CC7617897132000E72A7 /* Foundation.framework */,
				4701CC7817897132000E72A7 /* CoreGraphics.framework */,
				4701CC9B17897132000E72A7 /* SenTestingKit.framework */,
			);
			name = Frameworks;
			sourceTree = "<group>";
		};
		4701CC7A17897132000E72A7 /* IoRciclo */ = {
			isa = PBXGroup;
			children = (
				4701CCB6178971CD000E72A7 /* BaseUtils */,
				4701CCB2178971B3000E72A7 /* Entities */,
				4701CC8317897132000E72A7 /* AppDelegate.h */,
				4701CC8417897132000E72A7 /* AppDelegate.m */,
				4701CC8C17897132000E72A7 /* MainStoryboard_iPhone.storyboard */,
				4701CC8F17897132000E72A7 /* MainStoryboard_iPad.storyboard */,
				470CD2B817CFEAA500DF79DE /* ComuniViewController.h */,
				470CD2B917CFEAA500DF79DE /* ComuniViewController.m */,
				4701CC9217897132000E72A7 /* RicicloViewController.h */,
				4701CC9317897132000E72A7 /* RicicloViewController.m */,
				470075D117D12825004EE1C6 /* ProvinceViewController.h */,
				470075D217D12825004EE1C6 /* ProvinceViewController.m */,
				4701CC7B17897132000E72A7 /* Supporting Files */,
			);
			path = IoRciclo;
			sourceTree = "<group>";
		};
		4701CC7B17897132000E72A7 /* Supporting Files */ = {
			isa = PBXGroup;
			children = (
				47D2752C18337D3000D72F15 /* backhome.jpg */,
				47D2752A18336C0400D72F15 /* ic_iconon.png */,
				47D2752818336BFE00D72F15 /* ic_iconoff.png */,
				47F6223717E8A50200295CAE /* noalarm2.png */,
				47F6223317E88F9900295CAE /* alarm3.png */,
				47F6223117E88F3500295CAE /* Salarm2.png */,
				47F6222F17E88BAB00295CAE /* alarm.png */,
				47F6222D17E8627800295CAE /* IoRiciclo114.png */,
				47F6222B17E8627300295CAE /* IoRiciclo57.png */,
				4701CC7C17897132000E72A7 /* IoRciclo-Info.plist */,
				4701CC7D17897132000E72A7 /* InfoPlist.strings */,
				4701CC8017897132000E72A7 /* main.m */,
				4701CC8217897132000E72A7 /* IoRciclo-Prefix.pch */,
				4701CC8617897132000E72A7 /* Default.png */,
				4701CC8817897132000E72A7 /* Default@2x.png */,
				4701CC8A17897132000E72A7 /* Default-568h@2x.png */,
			);
			name = "Supporting Files";
			sourceTree = "<group>";
		};
		4701CCA117897132000E72A7 /* IoRcicloTests */ = {
			isa = PBXGroup;
			children = (
				4701CCA717897133000E72A7 /* IoRcicloTests.h */,
				4701CCA817897133000E72A7 /* IoRcicloTests.m */,
				4701CCA217897133000E72A7 /* Supporting Files */,
			);
			path = IoRcicloTests;
			sourceTree = "<group>";
		};
		4701CCA217897133000E72A7 /* Supporting Files */ = {
			isa = PBXGroup;
			children = (
				4701CCA317897133000E72A7 /* IoRcicloTests-Info.plist */,
				4701CCA417897133000E72A7 /* InfoPlist.strings */,
			);
			name = "Supporting Files";
			sourceTree = "<group>";
		};
		4701CCB2178971B3000E72A7 /* Entities */ = {
			isa = PBXGroup;
			children = (
				4701CCC617897218000E72A7 /* IoRiciclo.xcdatamodeld */,
				47EECAE1182D199C005FD4E4 /* Zone.h */,
				47EECAE2182D199C005FD4E4 /* Zone.m */,
				47EECADE182D199C005FD4E4 /* GiorniRiciclo.h */,
				47EECADF182D199C005FD4E4 /* GiorniRiciclo.m */,
				47EECADB182D199C005FD4E4 /* TipiRiciclo.h */,
				47EECADC182D199C005FD4E4 /* TipiRiciclo.m */,
				47EECAD8182D199C005FD4E4 /* Comuni.h */,
				47EECAD9182D199C005FD4E4 /* Comuni.m */,
				47EECAD5182D199C005FD4E4 /* TipiRicicloComuni.h */,
				47EECAD6182D199C005FD4E4 /* TipiRicicloComuni.m */,
				47EECAD2182D199B005FD4E4 /* Province.h */,
				47EECAD3182D199B005FD4E4 /* Province.m */,
			);
			name = Entities;
			sourceTree = "<group>";
		};
		4701CCB6178971CD000E72A7 /* BaseUtils */ = {
			isa = PBXGroup;
			children = (
				4701CCB7178971F0000E72A7 /* MyApplicationSingleton.h */,
				4701CCB8178971F0000E72A7 /* MyApplicationSingleton.m */,
				4701CCB9178971F0000E72A7 /* Reachability.h */,
				4701CCBA178971F0000E72A7 /* Reachability.m */,
				4701CCBD178971F0000E72A7 /* Connector.h */,
				4701CCBE178971F0000E72A7 /* Connector.m */,
				4701CCBF178971F0000E72A7 /* Syncronizer.h */,
				4701CCC0178971F0000E72A7 /* Syncronizer.m */,
				47EECAE71830E8C5005FD4E4 /* DateHelper.h */,
				47EECAE81830E8C5005FD4E4 /* DateHelper.m */,
			);
			name = BaseUtils;
			sourceTree = "<group>";
		};
/* End PBXGroup section */

/* Begin PBXNativeTarget section */
		4701CC7017897132000E72A7 /* IoRciclo */ = {
			isa = PBXNativeTarget;
			buildConfigurationList = 4701CCAC17897133000E72A7 /* Build configuration list for PBXNativeTarget "IoRciclo" */;
			buildPhases = (
				4701CC6D17897132000E72A7 /* Sources */,
				4701CC6E17897132000E72A7 /* Frameworks */,
				4701CC6F17897132000E72A7 /* Resources */,
			);
			buildRules = (
			);
			dependencies = (
			);
			name = IoRciclo;
			productName = IoRciclo;
			productReference = 4701CC7117897132000E72A7 /* IoRciclo.app */;
			productType = "com.apple.product-type.application";
		};
		4701CC9917897132000E72A7 /* IoRcicloTests */ = {
			isa = PBXNativeTarget;
			buildConfigurationList = 4701CCAF17897133000E72A7 /* Build configuration list for PBXNativeTarget "IoRcicloTests" */;
			buildPhases = (
				4701CC9517897132000E72A7 /* Sources */,
				4701CC9617897132000E72A7 /* Frameworks */,
				4701CC9717897132000E72A7 /* Resources */,
				4701CC9817897132000E72A7 /* ShellScript */,
			);
			buildRules = (
			);
			dependencies = (
				4701CCA017897132000E72A7 /* PBXTargetDependency */,
			);
			name = IoRcicloTests;
			productName = IoRcicloTests;
			productReference = 4701CC9A17897132000E72A7 /* IoRcicloTests.octest */;
			productType = "com.apple.product-type.bundle";
		};
/* End PBXNativeTarget section */

/* Begin PBXProject section */
		4701CC6917897132000E72A7 /* Project object */ = {
			isa = PBXProject;
			attributes = {
				LastUpgradeCheck = 0460;
				ORGANIZATIONNAME = "Maria Cristina Narcisi";
			};
			buildConfigurationList = 4701CC6C17897132000E72A7 /* Build configuration list for PBXProject "IoRciclo" */;
			compatibilityVersion = "Xcode 3.2";
			developmentRegion = English;
			hasScannedForEncodings = 0;
			knownRegions = (
				en,
			);
			mainGroup = 4701CC6817897132000E72A7;
			productRefGroup = 4701CC7217897132000E72A7 /* Products */;
			projectDirPath = "";
			projectRoot = "";
			targets = (
				4701CC7017897132000E72A7 /* IoRciclo */,
				4701CC9917897132000E72A7 /* IoRcicloTests */,
			);
		};
/* End PBXProject section */

/* Begin PBXResourcesBuildPhase section */
		4701CC6F17897132000E72A7 /* Resources */ = {
			isa = PBXResourcesBuildPhase;
			buildActionMask = 2147483647;
			files = (
				4701CC7F17897132000E72A7 /* InfoPlist.strings in Resources */,
				4701CC8717897132000E72A7 /* Default.png in Resources */,
				4701CC8917897132000E72A7 /* Default@2x.png in Resources */,
				4701CC8B17897132000E72A7 /* Default-568h@2x.png in Resources */,
				47D2752918336BFE00D72F15 /* ic_iconoff.png in Resources */,
				4701CC8E17897132000E72A7 /* MainStoryboard_iPhone.storyboard in Resources */,
				4701CC9117897132000E72A7 /* MainStoryboard_iPad.storyboard in Resources */,
				47F6222C17E8627300295CAE /* IoRiciclo57.png in Resources */,
				47F6222E17E8627800295CAE /* IoRiciclo114.png in Resources */,
				47F6223017E88BAB00295CAE /* alarm.png in Resources */,
				47D2752D18337D3000D72F15 /* backhome.jpg in Resources */,
				47F6223217E88F3500295CAE /* Salarm2.png in Resources */,
				47F6223417E88F9900295CAE /* alarm3.png in Resources */,
				47F6223817E8A50200295CAE /* noalarm2.png in Resources */,
				47D2752B18336C0400D72F15 /* ic_iconon.png in Resources */,
			);
			runOnlyForDeploymentPostprocessing = 0;
		};
		4701CC9717897132000E72A7 /* Resources */ = {
			isa = PBXResourcesBuildPhase;
			buildActionMask = 2147483647;
			files = (
				4701CCA617897133000E72A7 /* InfoPlist.strings in Resources */,
			);
			runOnlyForDeploymentPostprocessing = 0;
		};
/* End PBXResourcesBuildPhase section */

/* Begin PBXShellScriptBuildPhase section */
		4701CC9817897132000E72A7 /* ShellScript */ = {
			isa = PBXShellScriptBuildPhase;
			buildActionMask = 2147483647;
			files = (
			);
			inputPaths = (
			);
			outputPaths = (
			);
			runOnlyForDeploymentPostprocessing = 0;
			shellPath = /bin/sh;
			shellScript = "# Run the unit tests in this test bundle.\n\"${SYSTEM_DEVELOPER_DIR}/Tools/RunUnitTests\"\n";
		};
/* End PBXShellScriptBuildPhase section */

/* Begin PBXSourcesBuildPhase section */
		4701CC6D17897132000E72A7 /* Sources */ = {
			isa = PBXSourcesBuildPhase;
			buildActionMask = 2147483647;
			files = (
				47EECADA182D199C005FD4E4 /* Comuni.m in Sources */,
				47EECAF218312EAB005FD4E4 /* CoreDataMethods.m in Sources */,
				47EECADD182D199C005FD4E4 /* TipiRiciclo.m in Sources */,
				4701CC8117897132000E72A7 /* main.m in Sources */,
				4701CC8517897132000E72A7 /* AppDelegate.m in Sources */,
				4701CC9417897132000E72A7 /* RicicloViewController.m in Sources */,
				4701CCC1178971F0000E72A7 /* MyApplicationSingleton.m in Sources */,
				47EECAE91830E8C5005FD4E4 /* DateHelper.m in Sources */,
				47EECAD7182D199C005FD4E4 /* TipiRicicloComuni.m in Sources */,
				4701CCC2178971F0000E72A7 /* Reachability.m in Sources */,
				47EECAF318312EAB005FD4E4 /* ManagedObjectBase.m in Sources */,
				4701CCC4178971F0000E72A7 /* Connector.m in Sources */,
				47EECAD4182D199B005FD4E4 /* Province.m in Sources */,
				4701CCC5178971F0000E72A7 /* Syncronizer.m in Sources */,
				4701CCC817897218000E72A7 /* IoRiciclo.xcdatamodeld in Sources */,
				470CD2BA17CFEAA500DF79DE /* ComuniViewController.m in Sources */,
				47EECAE3182D199C005FD4E4 /* Zone.m in Sources */,
				470075D317D12825004EE1C6 /* ProvinceViewController.m in Sources */,
				47EECAE0182D199C005FD4E4 /* GiorniRiciclo.m in Sources */,
			);
			runOnlyForDeploymentPostprocessing = 0;
		};
		4701CC9517897132000E72A7 /* Sources */ = {
			isa = PBXSourcesBuildPhase;
			buildActionMask = 2147483647;
			files = (
				4701CCA917897133000E72A7 /* IoRcicloTests.m in Sources */,
			);
			runOnlyForDeploymentPostprocessing = 0;
		};
/* End PBXSourcesBuildPhase section */

/* Begin PBXTargetDependency section */
		4701CCA017897132000E72A7 /* PBXTargetDependency */ = {
			isa = PBXTargetDependency;
			target = 4701CC7017897132000E72A7 /* IoRciclo */;
			targetProxy = 4701CC9F17897132000E72A7 /* PBXContainerItemProxy */;
		};
/* End PBXTargetDependency section */

/* Begin PBXVariantGroup section */
		4701CC7D17897132000E72A7 /* InfoPlist.strings */ = {
			isa = PBXVariantGroup;
			children = (
				4701CC7E17897132000E72A7 /* en */,
			);
			name = InfoPlist.strings;
			sourceTree = "<group>";
		};
		4701CC8C17897132000E72A7 /* MainStoryboard_iPhone.storyboard */ = {
			isa = PBXVariantGroup;
			children = (
				4701CC8D17897132000E72A7 /* en */,
			);
			name = MainStoryboard_iPhone.storyboard;
			sourceTree = "<group>";
		};
		4701CC8F17897132000E72A7 /* MainStoryboard_iPad.storyboard */ = {
			isa = PBXVariantGroup;
			children = (
				4701CC9017897132000E72A7 /* en */,
			);
			name = MainStoryboard_iPad.storyboard;
			sourceTree = "<group>";
		};
		4701CCA417897133000E72A7 /* InfoPlist.strings */ = {
			isa = PBXVariantGroup;
			children = (
				4701CCA517897133000E72A7 /* en */,
			);
			name = InfoPlist.strings;
			sourceTree = "<group>";
		};
/* End PBXVariantGroup section */

/* Begin XCBuildConfiguration section */
		4701CCAA17897133000E72A7 /* Debug */ = {
			isa = XCBuildConfiguration;
			buildSettings = {
				ALWAYS_SEARCH_USER_PATHS = NO;
				CLANG_CXX_LANGUAGE_STANDARD = "gnu++0x";
				CLANG_CXX_LIBRARY = "libc++";
				CLANG_WARN_CONSTANT_CONVERSION = YES;
				CLANG_WARN_EMPTY_BODY = YES;
				CLANG_WARN_ENUM_CONVERSION = YES;
				CLANG_WARN_INT_CONVERSION = YES;
				CLANG_WARN__DUPLICATE_METHOD_MATCH = YES;
				"CODE_SIGN_IDENTITY[sdk=iphoneos*]" = "iPhone Developer";
				COPY_PHASE_STRIP = NO;
				GCC_C_LANGUAGE_STANDARD = gnu99;
				GCC_DYNAMIC_NO_PIC = NO;
				GCC_OPTIMIZATION_LEVEL = 0;
				GCC_PREPROCESSOR_DEFINITIONS = (
					"DEBUG=1",
					"$(inherited)",
				);
				GCC_SYMBOLS_PRIVATE_EXTERN = NO;
				GCC_WARN_ABOUT_RETURN_TYPE = YES;
				GCC_WARN_UNINITIALIZED_AUTOS = YES;
				GCC_WARN_UNUSED_VARIABLE = YES;
				IPHONEOS_DEPLOYMENT_TARGET = 6.1;
				ONLY_ACTIVE_ARCH = YES;
				SDKROOT = iphoneos;
				TARGETED_DEVICE_FAMILY = "1,2";
			};
			name = Debug;
		};
		4701CCAB17897133000E72A7 /* Release */ = {
			isa = XCBuildConfiguration;
			buildSettings = {
				ALWAYS_SEARCH_USER_PATHS = NO;
				CLANG_CXX_LANGUAGE_STANDARD = "gnu++0x";
				CLANG_CXX_LIBRARY = "libc++";
				CLANG_WARN_CONSTANT_CONVERSION = YES;
				CLANG_WARN_EMPTY_BODY = YES;
				CLANG_WARN_ENUM_CONVERSION = YES;
				CLANG_WARN_INT_CONVERSION = YES;
				CLANG_WARN__DUPLICATE_METHOD_MATCH = YES;
				"CODE_SIGN_IDENTITY[sdk=iphoneos*]" = "iPhone Developer";
				COPY_PHASE_STRIP = YES;
				GCC_C_LANGUAGE_STANDARD = gnu99;
				GCC_WARN_ABOUT_RETURN_TYPE = YES;
				GCC_WARN_UNINITIALIZED_AUTOS = YES;
				GCC_WARN_UNUSED_VARIABLE = YES;
				IPHONEOS_DEPLOYMENT_TARGET = 6.1;
				OTHER_CFLAGS = "-DNS_BLOCK_ASSERTIONS=1";
				SDKROOT = iphoneos;
				TARGETED_DEVICE_FAMILY = "1,2";
				VALIDATE_PRODUCT = YES;
			};
			name = Release;
		};
		4701CCAD17897133000E72A7 /* Debug */ = {
			isa = XCBuildConfiguration;
			buildSettings = {
				GCC_PRECOMPILE_PREFIX_HEADER = YES;
				GCC_PREFIX_HEADER = "IoRciclo/IoRciclo-Prefix.pch";
				INFOPLIST_FILE = "IoRciclo/IoRciclo-Info.plist";
				PRODUCT_NAME = "$(TARGET_NAME)";
				WRAPPER_EXTENSION = app;
			};
			name = Debug;
		};
		4701CCAE17897133000E72A7 /* Release */ = {
			isa = XCBuildConfiguration;
			buildSettings = {
				GCC_PRECOMPILE_PREFIX_HEADER = YES;
				GCC_PREFIX_HEADER = "IoRciclo/IoRciclo-Prefix.pch";
				INFOPLIST_FILE = "IoRciclo/IoRciclo-Info.plist";
				PRODUCT_NAME = "$(TARGET_NAME)";
				WRAPPER_EXTENSION = app;
			};
			name = Release;
		};
		4701CCB017897133000E72A7 /* Debug */ = {
			isa = XCBuildConfiguration;
			buildSettings = {
				BUNDLE_LOADER = "$(BUILT_PRODUCTS_DIR)/IoRciclo.app/IoRciclo";
				FRAMEWORK_SEARCH_PATHS = (
					"\"$(SDKROOT)/Developer/Library/Frameworks\"",
					"\"$(DEVELOPER_LIBRARY_DIR)/Frameworks\"",
				);
				GCC_PRECOMPILE_PREFIX_HEADER = YES;
				GCC_PREFIX_HEADER = "IoRciclo/IoRciclo-Prefix.pch";
				INFOPLIST_FILE = "IoRcicloTests/IoRcicloTests-Info.plist";
				PRODUCT_NAME = "$(TARGET_NAME)";
				TEST_HOST = "$(BUNDLE_LOADER)";
				WRAPPER_EXTENSION = octest;
			};
			name = Debug;
		};
		4701CCB117897133000E72A7 /* Release */ = {
			isa = XCBuildConfiguration;
			buildSettings = {
				BUNDLE_LOADER = "$(BUILT_PRODUCTS_DIR)/IoRciclo.app/IoRciclo";
				FRAMEWORK_SEARCH_PATHS = (
					"\"$(SDKROOT)/Developer/Library/Frameworks\"",
					"\"$(DEVELOPER_LIBRARY_DIR)/Frameworks\"",
				);
				GCC_PRECOMPILE_PREFIX_HEADER = YES;
				GCC_PREFIX_HEADER = "IoRciclo/IoRciclo-Prefix.pch";
				INFOPLIST_FILE = "IoRcicloTests/IoRcicloTests-Info.plist";
				PRODUCT_NAME = "$(TARGET_NAME)";
				TEST_HOST = "$(BUNDLE_LOADER)";
				WRAPPER_EXTENSION = octest;
			};
			name = Release;
		};
/* End XCBuildConfiguration section */

/* Begin XCConfigurationList section */
		4701CC6C17897132000E72A7 /* Build configuration list for PBXProject "IoRciclo" */ = {
			isa = XCConfigurationList;
			buildConfigurations = (
				4701CCAA17897133000E72A7 /* Debug */,
				4701CCAB17897133000E72A7 /* Release */,
			);
			defaultConfigurationIsVisible = 0;
			defaultConfigurationName = Release;
		};
		4701CCAC17897133000E72A7 /* Build configuration list for PBXNativeTarget "IoRciclo" */ = {
			isa = XCConfigurationList;
			buildConfigurations = (
				4701CCAD17897133000E72A7 /* Debug */,
				4701CCAE17897133000E72A7 /* Release */,
			);
			defaultConfigurationIsVisible = 0;
			defaultConfigurationName = Release;
		};
		4701CCAF17897133000E72A7 /* Build configuration list for PBXNativeTarget "IoRcicloTests" */ = {
			isa = XCConfigurationList;
			buildConfigurations = (
				4701CCB017897133000E72A7 /* Debug */,
				4701CCB117897133000E72A7 /* Release */,
			);
			defaultConfigurationIsVisible = 0;
			defaultConfigurationName = Release;
		};
/* End XCConfigurationList section */

/* Begin XCVersionGroup section */
		4701CCC617897218000E72A7 /* IoRiciclo.xcdatamodeld */ = {
			isa = XCVersionGroup;
			children = (
				4701CCC717897218000E72A7 /* IoRiciclo.xcdatamodel */,
			);
			currentVersion = 4701CCC717897218000E72A7 /* IoRiciclo.xcdatamodel */;
			path = IoRiciclo.xcdatamodeld;
			sourceTree = "<group>";
			versionGroupType = wrapper.xcdatamodel;
		};
/* End XCVersionGroup section */
	};
	rootObject = 4701CC6917897132000E72A7 /* Project object */;
}
